// !$*UTF8*$!
{
	archiveVersion = 1;
	classes = {
	};
	objectVersion = 56;
	objects = {

/* Begin PBXBuildFile section */
		3006B02F8652D957CA7F0742 /* Pods_Planus.framework in Frameworks */ = {isa = PBXBuildFile; fileRef = 3E5BFF2B1F73A7F82D6704DC /* Pods_Planus.framework */; };
		6A08AD5129C87C61005947D2 /* AppDelegate.swift in Sources */ = {isa = PBXBuildFile; fileRef = 6A08AD5029C87C61005947D2 /* AppDelegate.swift */; };
		6A08AD5329C87C61005947D2 /* SceneDelegate.swift in Sources */ = {isa = PBXBuildFile; fileRef = 6A08AD5229C87C61005947D2 /* SceneDelegate.swift */; };
		6A08AD5529C87C61005947D2 /* ViewController.swift in Sources */ = {isa = PBXBuildFile; fileRef = 6A08AD5429C87C61005947D2 /* ViewController.swift */; };
		6A08AD5A29C87C63005947D2 /* Assets.xcassets in Resources */ = {isa = PBXBuildFile; fileRef = 6A08AD5929C87C63005947D2 /* Assets.xcassets */; };
		6A08AD5D29C87C63005947D2 /* LaunchScreen.storyboard in Resources */ = {isa = PBXBuildFile; fileRef = 6A08AD5B29C87C63005947D2 /* LaunchScreen.storyboard */; };
		6A08AD6E29C88969005947D2 /* Coordinator.swift in Sources */ = {isa = PBXBuildFile; fileRef = 6A08AD6D29C88969005947D2 /* Coordinator.swift */; };
		6A08AD7029C889D6005947D2 /* AppCoordinator.swift in Sources */ = {isa = PBXBuildFile; fileRef = 6A08AD6F29C889D5005947D2 /* AppCoordinator.swift */; };
		6A08AD7429C89143005947D2 /* MainTabCoordinator.swift in Sources */ = {isa = PBXBuildFile; fileRef = 6A08AD7329C89143005947D2 /* MainTabCoordinator.swift */; };
		6A08AD8229C892E0005947D2 /* users-02@3x.png in Resources */ = {isa = PBXBuildFile; fileRef = 6A08AD7629C892DF005947D2 /* users-02@3x.png */; };
		6A08AD8329C892E0005947D2 /* check-done-01.png in Resources */ = {isa = PBXBuildFile; fileRef = 6A08AD7729C892DF005947D2 /* check-done-01.png */; };
		6A08AD8429C892E0005947D2 /* calendar-date@3x.png in Resources */ = {isa = PBXBuildFile; fileRef = 6A08AD7829C892DF005947D2 /* calendar-date@3x.png */; };
		6A08AD8529C892E0005947D2 /* search-sm@2x.png in Resources */ = {isa = PBXBuildFile; fileRef = 6A08AD7929C892E0005947D2 /* search-sm@2x.png */; };
		6A08AD8629C892E0005947D2 /* check-done-01@3x.png in Resources */ = {isa = PBXBuildFile; fileRef = 6A08AD7A29C892E0005947D2 /* check-done-01@3x.png */; };
		6A08AD8729C892E0005947D2 /* calendar-date.png in Resources */ = {isa = PBXBuildFile; fileRef = 6A08AD7B29C892E0005947D2 /* calendar-date.png */; };
		6A08AD8829C892E0005947D2 /* search-sm@3x.png in Resources */ = {isa = PBXBuildFile; fileRef = 6A08AD7C29C892E0005947D2 /* search-sm@3x.png */; };
		6A08AD8929C892E0005947D2 /* calendar-date@2x.png in Resources */ = {isa = PBXBuildFile; fileRef = 6A08AD7D29C892E0005947D2 /* calendar-date@2x.png */; };
		6A08AD8A29C892E0005947D2 /* users-02.png in Resources */ = {isa = PBXBuildFile; fileRef = 6A08AD7E29C892E0005947D2 /* users-02.png */; };
		6A08AD8B29C892E0005947D2 /* check-done-01@2x.png in Resources */ = {isa = PBXBuildFile; fileRef = 6A08AD7F29C892E0005947D2 /* check-done-01@2x.png */; };
		6A08AD8C29C892E0005947D2 /* search-sm.png in Resources */ = {isa = PBXBuildFile; fileRef = 6A08AD8029C892E0005947D2 /* search-sm.png */; };
		6A08AD8D29C892E0005947D2 /* users-02@2x.png in Resources */ = {isa = PBXBuildFile; fileRef = 6A08AD8129C892E0005947D2 /* users-02@2x.png */; };
		6A08AD9029C89761005947D2 /* UIColor+Ext.swift in Sources */ = {isa = PBXBuildFile; fileRef = 6A08AD8F29C89761005947D2 /* UIColor+Ext.swift */; };
		6A08AD9E29C89D93005947D2 /* SignInViewController.swift in Sources */ = {isa = PBXBuildFile; fileRef = 6A08AD9D29C89D93005947D2 /* SignInViewController.swift */; };
		6A08ADA829C89DEE005947D2 /* appleBtn.png in Resources */ = {isa = PBXBuildFile; fileRef = 6A08AD9F29C89DED005947D2 /* appleBtn.png */; };
		6A08ADA929C89DEE005947D2 /* googleBtn@3x.png in Resources */ = {isa = PBXBuildFile; fileRef = 6A08ADA029C89DED005947D2 /* googleBtn@3x.png */; };
		6A08ADAA29C89DEE005947D2 /* kakaoBtn@3x.png in Resources */ = {isa = PBXBuildFile; fileRef = 6A08ADA129C89DEE005947D2 /* kakaoBtn@3x.png */; };
		6A08ADAB29C89DEE005947D2 /* kakaoBtn@2x.png in Resources */ = {isa = PBXBuildFile; fileRef = 6A08ADA229C89DEE005947D2 /* kakaoBtn@2x.png */; };
		6A08ADAC29C89DEE005947D2 /* kakaoBtn.png in Resources */ = {isa = PBXBuildFile; fileRef = 6A08ADA329C89DEE005947D2 /* kakaoBtn.png */; };
		6A08ADAD29C89DEE005947D2 /* appleBtn@3x.png in Resources */ = {isa = PBXBuildFile; fileRef = 6A08ADA429C89DEE005947D2 /* appleBtn@3x.png */; };
		6A08ADAE29C89DEE005947D2 /* googleBtn.png in Resources */ = {isa = PBXBuildFile; fileRef = 6A08ADA529C89DEE005947D2 /* googleBtn.png */; };
		6A08ADAF29C89DEE005947D2 /* appleBtn@2x.png in Resources */ = {isa = PBXBuildFile; fileRef = 6A08ADA629C89DEE005947D2 /* appleBtn@2x.png */; };
		6A08ADB029C89DEE005947D2 /* googleBtn@2x.png in Resources */ = {isa = PBXBuildFile; fileRef = 6A08ADA729C89DEE005947D2 /* googleBtn@2x.png */; };
		6A08ADB229C89E77005947D2 /* SignInViewModel.swift in Sources */ = {isa = PBXBuildFile; fileRef = 6A08ADB129C89E77005947D2 /* SignInViewModel.swift */; };
		6A08ADB429C8A064005947D2 /* SignInCoordinator.swift in Sources */ = {isa = PBXBuildFile; fileRef = 6A08ADB329C8A064005947D2 /* SignInCoordinator.swift */; };
		6A08ADB829C8A2B0005947D2 /* logo@2x.png in Resources */ = {isa = PBXBuildFile; fileRef = 6A08ADB529C8A2AF005947D2 /* logo@2x.png */; };
		6A08ADB929C8A2B0005947D2 /* logo.png in Resources */ = {isa = PBXBuildFile; fileRef = 6A08ADB629C8A2AF005947D2 /* logo.png */; };
		6A08ADBA29C8A2B0005947D2 /* logo@3x.png in Resources */ = {isa = PBXBuildFile; fileRef = 6A08ADB729C8A2B0005947D2 /* logo@3x.png */; };
		6A08ADCA29C8C1F3005947D2 /* APIEndPoint.swift in Sources */ = {isa = PBXBuildFile; fileRef = 6A08ADC929C8C1F3005947D2 /* APIEndPoint.swift */; };
		6A08ADCC29C8C20E005947D2 /* APIRequestType.swift in Sources */ = {isa = PBXBuildFile; fileRef = 6A08ADCB29C8C20E005947D2 /* APIRequestType.swift */; };
		6A08ADCF29C8C231005947D2 /* APIProvider.swift in Sources */ = {isa = PBXBuildFile; fileRef = 6A08ADCE29C8C231005947D2 /* APIProvider.swift */; };
		6A08ADD129C8C256005947D2 /* NetworkManager.swift in Sources */ = {isa = PBXBuildFile; fileRef = 6A08ADD029C8C256005947D2 /* NetworkManager.swift */; };
		6A08ADD329C8C26F005947D2 /* NetworkError.swift in Sources */ = {isa = PBXBuildFile; fileRef = 6A08ADD229C8C26F005947D2 /* NetworkError.swift */; };
		6A08ADD629C8D048005947D2 /* DefaultKakaoSignInUseCase.swift in Sources */ = {isa = PBXBuildFile; fileRef = 6A08ADD529C8D048005947D2 /* DefaultKakaoSignInUseCase.swift */; };
		6A08ADD929C8D096005947D2 /* DefaultSocialAuthRepository.swift in Sources */ = {isa = PBXBuildFile; fileRef = 6A08ADD829C8D096005947D2 /* DefaultSocialAuthRepository.swift */; };
		6A08ADDD29C8D5C0005947D2 /* SocialAuthRepository.swift in Sources */ = {isa = PBXBuildFile; fileRef = 6A08ADDC29C8D5C0005947D2 /* SocialAuthRepository.swift */; };
		6A08ADE029C8D6CD005947D2 /* KakaoSignInUseCase.swift in Sources */ = {isa = PBXBuildFile; fileRef = 6A08ADDF29C8D6CD005947D2 /* KakaoSignInUseCase.swift */; };
		6A0BF75829D2BE0C006F2604 /* Icon.png in Resources */ = {isa = PBXBuildFile; fileRef = 6A0BF75529D2BE0C006F2604 /* Icon.png */; };
		6A0BF75929D2BE0C006F2604 /* Icon@3x.png in Resources */ = {isa = PBXBuildFile; fileRef = 6A0BF75629D2BE0C006F2604 /* Icon@3x.png */; };
		6A0BF75A29D2BE0C006F2604 /* Icon@2x.png in Resources */ = {isa = PBXBuildFile; fileRef = 6A0BF75729D2BE0C006F2604 /* Icon@2x.png */; };
		6A0BF75E29D2C25B006F2604 /* edit@2x.png in Resources */ = {isa = PBXBuildFile; fileRef = 6A0BF75B29D2C25B006F2604 /* edit@2x.png */; };
		6A0BF75F29D2C25B006F2604 /* edit.png in Resources */ = {isa = PBXBuildFile; fileRef = 6A0BF75C29D2C25B006F2604 /* edit.png */; };
		6A0BF76029D2C25B006F2604 /* edit@3x.png in Resources */ = {isa = PBXBuildFile; fileRef = 6A0BF75D29D2C25B006F2604 /* edit@3x.png */; };
		6A0BF76429D35D2C006F2604 /* edit_swipe.png in Resources */ = {isa = PBXBuildFile; fileRef = 6A0BF76129D35D2C006F2604 /* edit_swipe.png */; };
		6A0BF76529D35D2C006F2604 /* edit_swipe@2x.png in Resources */ = {isa = PBXBuildFile; fileRef = 6A0BF76229D35D2C006F2604 /* edit_swipe@2x.png */; };
		6A0BF76629D35D2C006F2604 /* edit_swipe@3x.png in Resources */ = {isa = PBXBuildFile; fileRef = 6A0BF76329D35D2C006F2604 /* edit_swipe@3x.png */; };
		6A0BF76A29D35D47006F2604 /* remove_swipe@3x.png in Resources */ = {isa = PBXBuildFile; fileRef = 6A0BF76729D35D47006F2604 /* remove_swipe@3x.png */; };
		6A0BF76B29D35D47006F2604 /* remove_swipe.png in Resources */ = {isa = PBXBuildFile; fileRef = 6A0BF76829D35D47006F2604 /* remove_swipe.png */; };
		6A0BF76C29D35D47006F2604 /* remove_swipe@2x.png in Resources */ = {isa = PBXBuildFile; fileRef = 6A0BF76929D35D47006F2604 /* remove_swipe@2x.png */; };
		6A24F82329CB43FE0000FD64 /* HomeCalendarCoordinator.swift in Sources */ = {isa = PBXBuildFile; fileRef = 6A24F82229CB43FE0000FD64 /* HomeCalendarCoordinator.swift */; };
		6A24F83129CB45170000FD64 /* TodoCoordinator.swift in Sources */ = {isa = PBXBuildFile; fileRef = 6A24F83029CB45170000FD64 /* TodoCoordinator.swift */; };
		6A24F83429CB45D90000FD64 /* SearchCoordinator.swift in Sources */ = {isa = PBXBuildFile; fileRef = 6A24F83329CB45D90000FD64 /* SearchCoordinator.swift */; };
		6A24F83629CB46640000FD64 /* GroupCoordinator.swift in Sources */ = {isa = PBXBuildFile; fileRef = 6A24F83529CB46640000FD64 /* GroupCoordinator.swift */; };
		6A24F83A29CB49BD0000FD64 /* DayViewModel.swift in Sources */ = {isa = PBXBuildFile; fileRef = 6A24F83929CB49BD0000FD64 /* DayViewModel.swift */; };
		6A24F83C29CB49F10000FD64 /* WeekDay.swift in Sources */ = {isa = PBXBuildFile; fileRef = 6A24F83B29CB49F10000FD64 /* WeekDay.swift */; };
		6A24F83E29CB4A440000FD64 /* Todo.swift in Sources */ = {isa = PBXBuildFile; fileRef = 6A24F83D29CB4A440000FD64 /* Todo.swift */; };
		6A24F84029CB4A5C0000FD64 /* TodoType.swift in Sources */ = {isa = PBXBuildFile; fileRef = 6A24F83F29CB4A5C0000FD64 /* TodoType.swift */; };
		6A24F84229CB4A8B0000FD64 /* ContinuousDay.swift in Sources */ = {isa = PBXBuildFile; fileRef = 6A24F84129CB4A8B0000FD64 /* ContinuousDay.swift */; };
		6A24F84429CB4AAE0000FD64 /* TodoCategoryColor.swift in Sources */ = {isa = PBXBuildFile; fileRef = 6A24F84329CB4AAE0000FD64 /* TodoCategoryColor.swift */; };
		6A24F84629CB4AED0000FD64 /* MonthStateOfDay.swift in Sources */ = {isa = PBXBuildFile; fileRef = 6A24F84529CB4AED0000FD64 /* MonthStateOfDay.swift */; };
		6A24F84C29CB6DC60000FD64 /* GoogleSignInUseCase.swift in Sources */ = {isa = PBXBuildFile; fileRef = 6A24F84B29CB6DC60000FD64 /* GoogleSignInUseCase.swift */; };
		6A24F84E29CB6DE60000FD64 /* DefaultGoogleSignInUseCase.swift in Sources */ = {isa = PBXBuildFile; fileRef = 6A24F84D29CB6DE60000FD64 /* DefaultGoogleSignInUseCase.swift */; };
		6A24F85029CB77830000FD64 /* Calendar+Ext.swift in Sources */ = {isa = PBXBuildFile; fileRef = 6A24F84F29CB77830000FD64 /* Calendar+Ext.swift */; };
		6A24F85229CB7C400000FD64 /* HomeCalendarViewModel.swift in Sources */ = {isa = PBXBuildFile; fileRef = 6A24F85129CB7C400000FD64 /* HomeCalendarViewModel.swift */; };
		6A24F85429CB7ED10000FD64 /* CreateMonthlyCalendarUseCase.swift in Sources */ = {isa = PBXBuildFile; fileRef = 6A24F85329CB7ED10000FD64 /* CreateMonthlyCalendarUseCase.swift */; };
		6A24F85629CB7EF90000FD64 /* DefaultCreateMonthlyCalendarUseCase.swift in Sources */ = {isa = PBXBuildFile; fileRef = 6A24F85529CB7EF90000FD64 /* DefaultCreateMonthlyCalendarUseCase.swift */; };
		6A24F85A29CB873B0000FD64 /* DefaultFetchTodoListUseCase.swift in Sources */ = {isa = PBXBuildFile; fileRef = 6A24F85929CB873B0000FD64 /* DefaultFetchTodoListUseCase.swift */; };
		6A24F85E29CB87D70000FD64 /* FetchTodoListUseCase.swift in Sources */ = {isa = PBXBuildFile; fileRef = 6A24F85D29CB87D70000FD64 /* FetchTodoListUseCase.swift */; };
		6A24F86029CB8A6B0000FD64 /* DefaultTodoRepository.swift in Sources */ = {isa = PBXBuildFile; fileRef = 6A24F85F29CB8A6B0000FD64 /* DefaultTodoRepository.swift */; };
		6A24F86229CC5C400000FD64 /* TodoRepository.swift in Sources */ = {isa = PBXBuildFile; fileRef = 6A24F86129CC5C400000FD64 /* TodoRepository.swift */; };
		6A24F86429CC83890000FD64 /* DefaultDateFormatYYYYMMUseCase.swift in Sources */ = {isa = PBXBuildFile; fileRef = 6A24F86329CC83890000FD64 /* DefaultDateFormatYYYYMMUseCase.swift */; };
		6A24F86629CC84150000FD64 /* DateFormatYYYYMMUseCase.swift in Sources */ = {isa = PBXBuildFile; fileRef = 6A24F86529CC84150000FD64 /* DateFormatYYYYMMUseCase.swift */; };
		6A24F88C29CE26540000FD64 /* HomeCalendarViewController.swift in Sources */ = {isa = PBXBuildFile; fileRef = 6A24F88B29CE26540000FD64 /* HomeCalendarViewController.swift */; };
		6A24F89529CE285F0000FD64 /* MonthlyCalendarCell.swift in Sources */ = {isa = PBXBuildFile; fileRef = 6A24F89429CE285F0000FD64 /* MonthlyCalendarCell.swift */; };
		6A24F89929CE29330000FD64 /* DailyCalendarCell.swift in Sources */ = {isa = PBXBuildFile; fileRef = 6A24F89829CE29330000FD64 /* DailyCalendarCell.swift */; };
		6A24F89B29CE299A0000FD64 /* SmallTodoView.swift in Sources */ = {isa = PBXBuildFile; fileRef = 6A24F89A29CE299A0000FD64 /* SmallTodoView.swift */; };
		6A24F89E29CE29F50000FD64 /* TodoCategory+Ext.swift in Sources */ = {isa = PBXBuildFile; fileRef = 6A24F89D29CE29F50000FD64 /* TodoCategory+Ext.swift */; };
		6A24F8B229CE3F800000FD64 /* Pretendard-Regular.otf in Resources */ = {isa = PBXBuildFile; fileRef = 6A24F8A929CE3F7E0000FD64 /* Pretendard-Regular.otf */; };
		6A24F8B329CE3F800000FD64 /* Pretendard-Medium.otf in Resources */ = {isa = PBXBuildFile; fileRef = 6A24F8AA29CE3F7F0000FD64 /* Pretendard-Medium.otf */; };
		6A24F8B429CE3F800000FD64 /* Pretendard-Black.otf in Resources */ = {isa = PBXBuildFile; fileRef = 6A24F8AB29CE3F7F0000FD64 /* Pretendard-Black.otf */; };
		6A24F8B529CE3F800000FD64 /* Pretendard-SemiBold.otf in Resources */ = {isa = PBXBuildFile; fileRef = 6A24F8AC29CE3F7F0000FD64 /* Pretendard-SemiBold.otf */; };
		6A24F8B629CE3F800000FD64 /* Pretendard-ExtraLight.otf in Resources */ = {isa = PBXBuildFile; fileRef = 6A24F8AD29CE3F7F0000FD64 /* Pretendard-ExtraLight.otf */; };
		6A24F8B729CE3F800000FD64 /* Pretendard-Bold.otf in Resources */ = {isa = PBXBuildFile; fileRef = 6A24F8AE29CE3F7F0000FD64 /* Pretendard-Bold.otf */; };
		6A24F8B829CE3F800000FD64 /* Pretendard-Light.otf in Resources */ = {isa = PBXBuildFile; fileRef = 6A24F8AF29CE3F7F0000FD64 /* Pretendard-Light.otf */; };
		6A24F8B929CE3F800000FD64 /* Pretendard-ExtraBold.otf in Resources */ = {isa = PBXBuildFile; fileRef = 6A24F8B029CE3F7F0000FD64 /* Pretendard-ExtraBold.otf */; };
		6A24F8BA29CE3F800000FD64 /* Pretendard-Thin.otf in Resources */ = {isa = PBXBuildFile; fileRef = 6A24F8B129CE3F7F0000FD64 /* Pretendard-Thin.otf */; };
		6A24F8BC29CE50DC0000FD64 /* ScrollDirection.swift in Sources */ = {isa = PBXBuildFile; fileRef = 6A24F8BB29CE50DC0000FD64 /* ScrollDirection.swift */; };
		6A24F8BE29CE65F30000FD64 /* MonthlyCalendarCellDelegate.swift in Sources */ = {isa = PBXBuildFile; fileRef = 6A24F8BD29CE65F30000FD64 /* MonthlyCalendarCellDelegate.swift */; };
		6A24F8E729D1D4A40000FD64 /* list@2x.png in Resources */ = {isa = PBXBuildFile; fileRef = 6A24F8E129D1D4A30000FD64 /* list@2x.png */; };
		6A24F8E829D1D4A40000FD64 /* list@3x.png in Resources */ = {isa = PBXBuildFile; fileRef = 6A24F8E229D1D4A30000FD64 /* list@3x.png */; };
		6A24F8E929D1D4A40000FD64 /* user-circle.png in Resources */ = {isa = PBXBuildFile; fileRef = 6A24F8E329D1D4A30000FD64 /* user-circle.png */; };
		6A24F8EA29D1D4A40000FD64 /* user-circle@2x.png in Resources */ = {isa = PBXBuildFile; fileRef = 6A24F8E429D1D4A30000FD64 /* user-circle@2x.png */; };
		6A24F8EB29D1D4A40000FD64 /* list.png in Resources */ = {isa = PBXBuildFile; fileRef = 6A24F8E529D1D4A30000FD64 /* list.png */; };
		6A24F8EC29D1D4A40000FD64 /* user-circle@3x.png in Resources */ = {isa = PBXBuildFile; fileRef = 6A24F8E629D1D4A40000FD64 /* user-circle@3x.png */; };
		6A24F8EE29D1D5510000FD64 /* MonthPickerViewController.swift in Sources */ = {isa = PBXBuildFile; fileRef = 6A24F8ED29D1D5510000FD64 /* MonthPickerViewController.swift */; };
		6A24F8F029D1D5F80000FD64 /* MonthPickerViewCell.swift in Sources */ = {isa = PBXBuildFile; fileRef = 6A24F8EF29D1D5F80000FD64 /* MonthPickerViewCell.swift */; };
		6A24F8F729D1D6470000FD64 /* chevron-left@3x.png in Resources */ = {isa = PBXBuildFile; fileRef = 6A24F8F129D1D6470000FD64 /* chevron-left@3x.png */; };
		6A24F8F829D1D6470000FD64 /* chevron-right@3x.png in Resources */ = {isa = PBXBuildFile; fileRef = 6A24F8F229D1D6470000FD64 /* chevron-right@3x.png */; };
		6A24F8F929D1D6470000FD64 /* chevron-left.png in Resources */ = {isa = PBXBuildFile; fileRef = 6A24F8F329D1D6470000FD64 /* chevron-left.png */; };
		6A24F8FA29D1D6470000FD64 /* chevron-right.png in Resources */ = {isa = PBXBuildFile; fileRef = 6A24F8F429D1D6470000FD64 /* chevron-right.png */; };
		6A24F8FB29D1D6470000FD64 /* chevron-left@2x.png in Resources */ = {isa = PBXBuildFile; fileRef = 6A24F8F529D1D6470000FD64 /* chevron-left@2x.png */; };
		6A24F8FC29D1D6470000FD64 /* chevron-right@2x.png in Resources */ = {isa = PBXBuildFile; fileRef = 6A24F8F629D1D6470000FD64 /* chevron-right@2x.png */; };
		6A24F8FE29D1E20E0000FD64 /* MonthPickerViewModel.swift in Sources */ = {isa = PBXBuildFile; fileRef = 6A24F8FD29D1E20E0000FD64 /* MonthPickerViewModel.swift */; };
		6A24F90829D210450000FD64 /* TodoMainViewModel.swift in Sources */ = {isa = PBXBuildFile; fileRef = 6A24F90729D210450000FD64 /* TodoMainViewModel.swift */; };
		6A24F90A29D220690000FD64 /* DefaultCreateDailyCalendarUseCase.swift in Sources */ = {isa = PBXBuildFile; fileRef = 6A24F90929D220690000FD64 /* DefaultCreateDailyCalendarUseCase.swift */; };
		6A24F90C29D223960000FD64 /* DetailDayViewModel.swift in Sources */ = {isa = PBXBuildFile; fileRef = 6A24F90B29D223960000FD64 /* DetailDayViewModel.swift */; };
		6A24F90E29D223D90000FD64 /* CreateDailyCalendarUseCase.swift in Sources */ = {isa = PBXBuildFile; fileRef = 6A24F90D29D223D90000FD64 /* CreateDailyCalendarUseCase.swift */; };
		6A24F91029D226810000FD64 /* TodoMainViewController.swift in Sources */ = {isa = PBXBuildFile; fileRef = 6A24F90F29D226810000FD64 /* TodoMainViewController.swift */; };
		6A24F91929D22D080000FD64 /* TodoDailyCollectionView.swift in Sources */ = {isa = PBXBuildFile; fileRef = 6A24F91829D22D080000FD64 /* TodoDailyCollectionView.swift */; };
		6A24F91B29D22D5B0000FD64 /* BigTodoCell.swift in Sources */ = {isa = PBXBuildFile; fileRef = 6A24F91A29D22D5B0000FD64 /* BigTodoCell.swift */; };
		6A24F91D29D22D8B0000FD64 /* TodoSectionBackgroundDecorationView.swift in Sources */ = {isa = PBXBuildFile; fileRef = 6A24F91C29D22D8B0000FD64 /* TodoSectionBackgroundDecorationView.swift */; };
		6A24F91F29D22DAD0000FD64 /* TodoSectionHeaderSupplementaryView.swift in Sources */ = {isa = PBXBuildFile; fileRef = 6A24F91E29D22DAD0000FD64 /* TodoSectionHeaderSupplementaryView.swift */; };
		6A24F92129D22EC10000FD64 /* TodoDailyCalendarCell.swift in Sources */ = {isa = PBXBuildFile; fileRef = 6A24F92029D22EC10000FD64 /* TodoDailyCalendarCell.swift */; };
		6A24F92329D254630000FD64 /* AddTodoViewController.swift in Sources */ = {isa = PBXBuildFile; fileRef = 6A24F92229D254630000FD64 /* AddTodoViewController.swift */; };
		6A24F92529D276C50000FD64 /* AddTodoViewModel.swift in Sources */ = {isa = PBXBuildFile; fileRef = 6A24F92429D276C50000FD64 /* AddTodoViewModel.swift */; };
		6A24F92729D276FA0000FD64 /* SmallCalendarDayViewModel.swift in Sources */ = {isa = PBXBuildFile; fileRef = 6A24F92629D276FA0000FD64 /* SmallCalendarDayViewModel.swift */; };
		6A483DAA29CA238B003375BF /* RedirectionalWebViewController.swift in Sources */ = {isa = PBXBuildFile; fileRef = 6A483DA929CA238B003375BF /* RedirectionalWebViewController.swift */; };
		6A483DAC29CA23D9003375BF /* RedirectionalWebViewModel.swift in Sources */ = {isa = PBXBuildFile; fileRef = 6A483DAB29CA23D9003375BF /* RedirectionalWebViewModel.swift */; };
		6A483DAE29CA42F5003375BF /* AuthURL.swift in Sources */ = {isa = PBXBuildFile; fileRef = 6A483DAD29CA42F5003375BF /* AuthURL.swift */; };
		6A9A07B229D3C7E70051AD43 /* arrow_white@2x.png in Resources */ = {isa = PBXBuildFile; fileRef = 6A9A07AF29D3C7E70051AD43 /* arrow_white@2x.png */; };
		6A9A07B329D3C7E70051AD43 /* arrow_white@3x.png in Resources */ = {isa = PBXBuildFile; fileRef = 6A9A07B029D3C7E70051AD43 /* arrow_white@3x.png */; };
		6A9A07B429D3C7E70051AD43 /* arrow_white.png in Resources */ = {isa = PBXBuildFile; fileRef = 6A9A07B129D3C7E70051AD43 /* arrow_white.png */; };
		6A9A07B829D3C7F10051AD43 /* arrow_dark@3x.png in Resources */ = {isa = PBXBuildFile; fileRef = 6A9A07B529D3C7F10051AD43 /* arrow_dark@3x.png */; };
		6A9A07B929D3C7F10051AD43 /* arrow_dark.png in Resources */ = {isa = PBXBuildFile; fileRef = 6A9A07B629D3C7F10051AD43 /* arrow_dark.png */; };
		6A9A07BA29D3C7F10051AD43 /* arrow_dark@2x.png in Resources */ = {isa = PBXBuildFile; fileRef = 6A9A07B729D3C7F10051AD43 /* arrow_dark@2x.png */; };
		6A9A07BE29D3D52B0051AD43 /* categoryCheck.png in Resources */ = {isa = PBXBuildFile; fileRef = 6A9A07BB29D3D52B0051AD43 /* categoryCheck.png */; };
		6A9A07BF29D3D52B0051AD43 /* categoryCheck@3x.png in Resources */ = {isa = PBXBuildFile; fileRef = 6A9A07BC29D3D52B0051AD43 /* categoryCheck@3x.png */; };
		6A9A07C029D3D52B0051AD43 /* categoryCheck@2x.png in Resources */ = {isa = PBXBuildFile; fileRef = 6A9A07BD29D3D52B0051AD43 /* categoryCheck@2x.png */; };
		6A9A07C829D3D83B0051AD43 /* AddTodoControllerPageType.swift in Sources */ = {isa = PBXBuildFile; fileRef = 6A9A07C729D3D83B0051AD43 /* AddTodoControllerPageType.swift */; };
		6A9A07CA29D3D87A0051AD43 /* AddTodoView.swift in Sources */ = {isa = PBXBuildFile; fileRef = 6A9A07C929D3D87A0051AD43 /* AddTodoView.swift */; };
		6A9A07CC29D3D8B60051AD43 /* CategorySelectView.swift in Sources */ = {isa = PBXBuildFile; fileRef = 6A9A07CB29D3D8B60051AD43 /* CategorySelectView.swift */; };
		6A9A07CE29D3D9140051AD43 /* CategorySelectCell.swift in Sources */ = {isa = PBXBuildFile; fileRef = 6A9A07CD29D3D9140051AD43 /* CategorySelectCell.swift */; };
		6A9A07D029D3D9C70051AD43 /* CategoryCreateView.swift in Sources */ = {isa = PBXBuildFile; fileRef = 6A9A07CF29D3D9C70051AD43 /* CategoryCreateView.swift */; };
		6A9A07D229D3DA040051AD43 /* CategoryCreateCell.swift in Sources */ = {isa = PBXBuildFile; fileRef = 6A9A07D129D3DA040051AD43 /* CategoryCreateCell.swift */; };
		6A9A07D429D3DC350051AD43 /* DaySelectViewController.swift in Sources */ = {isa = PBXBuildFile; fileRef = 6A9A07D329D3DC350051AD43 /* DaySelectViewController.swift */; };
		6A9A07D729D3DC7F0051AD43 /* DayPickerViewController.swift in Sources */ = {isa = PBXBuildFile; fileRef = 6A9A07D629D3DC7F0051AD43 /* DayPickerViewController.swift */; };
		6A9A07D929D3DCB70051AD43 /* DayPickerView.swift in Sources */ = {isa = PBXBuildFile; fileRef = 6A9A07D829D3DCB70051AD43 /* DayPickerView.swift */; };
		6A9A07DB29D3DCE20051AD43 /* DayPickerCollectionView.swift in Sources */ = {isa = PBXBuildFile; fileRef = 6A9A07DA29D3DCE20051AD43 /* DayPickerCollectionView.swift */; };
		6A9A07DD29D3DD070051AD43 /* DayPickerCollectionViewCell.swift in Sources */ = {isa = PBXBuildFile; fileRef = 6A9A07DC29D3DD070051AD43 /* DayPickerCollectionViewCell.swift */; };
/* End PBXBuildFile section */

/* Begin PBXFileReference section */
		3E5BFF2B1F73A7F82D6704DC /* Pods_Planus.framework */ = {isa = PBXFileReference; explicitFileType = wrapper.framework; includeInIndex = 0; path = Pods_Planus.framework; sourceTree = BUILT_PRODUCTS_DIR; };
		6A08AD4D29C87C61005947D2 /* Planus.app */ = {isa = PBXFileReference; explicitFileType = wrapper.application; includeInIndex = 0; path = Planus.app; sourceTree = BUILT_PRODUCTS_DIR; };
		6A08AD5029C87C61005947D2 /* AppDelegate.swift */ = {isa = PBXFileReference; lastKnownFileType = sourcecode.swift; path = AppDelegate.swift; sourceTree = "<group>"; };
		6A08AD5229C87C61005947D2 /* SceneDelegate.swift */ = {isa = PBXFileReference; lastKnownFileType = sourcecode.swift; path = SceneDelegate.swift; sourceTree = "<group>"; };
		6A08AD5429C87C61005947D2 /* ViewController.swift */ = {isa = PBXFileReference; lastKnownFileType = sourcecode.swift; path = ViewController.swift; sourceTree = "<group>"; };
		6A08AD5929C87C63005947D2 /* Assets.xcassets */ = {isa = PBXFileReference; lastKnownFileType = folder.assetcatalog; path = Assets.xcassets; sourceTree = "<group>"; };
		6A08AD5C29C87C63005947D2 /* Base */ = {isa = PBXFileReference; lastKnownFileType = file.storyboard; name = Base; path = Base.lproj/LaunchScreen.storyboard; sourceTree = "<group>"; };
		6A08AD5E29C87C63005947D2 /* Info.plist */ = {isa = PBXFileReference; lastKnownFileType = text.plist.xml; path = Info.plist; sourceTree = "<group>"; };
		6A08AD6D29C88969005947D2 /* Coordinator.swift */ = {isa = PBXFileReference; lastKnownFileType = sourcecode.swift; path = Coordinator.swift; sourceTree = "<group>"; };
		6A08AD6F29C889D5005947D2 /* AppCoordinator.swift */ = {isa = PBXFileReference; lastKnownFileType = sourcecode.swift; path = AppCoordinator.swift; sourceTree = "<group>"; };
		6A08AD7329C89143005947D2 /* MainTabCoordinator.swift */ = {isa = PBXFileReference; lastKnownFileType = sourcecode.swift; path = MainTabCoordinator.swift; sourceTree = "<group>"; };
		6A08AD7629C892DF005947D2 /* users-02@3x.png */ = {isa = PBXFileReference; lastKnownFileType = image.png; path = "users-02@3x.png"; sourceTree = "<group>"; };
		6A08AD7729C892DF005947D2 /* check-done-01.png */ = {isa = PBXFileReference; lastKnownFileType = image.png; path = "check-done-01.png"; sourceTree = "<group>"; };
		6A08AD7829C892DF005947D2 /* calendar-date@3x.png */ = {isa = PBXFileReference; lastKnownFileType = image.png; path = "calendar-date@3x.png"; sourceTree = "<group>"; };
		6A08AD7929C892E0005947D2 /* search-sm@2x.png */ = {isa = PBXFileReference; lastKnownFileType = image.png; path = "search-sm@2x.png"; sourceTree = "<group>"; };
		6A08AD7A29C892E0005947D2 /* check-done-01@3x.png */ = {isa = PBXFileReference; lastKnownFileType = image.png; path = "check-done-01@3x.png"; sourceTree = "<group>"; };
		6A08AD7B29C892E0005947D2 /* calendar-date.png */ = {isa = PBXFileReference; lastKnownFileType = image.png; path = "calendar-date.png"; sourceTree = "<group>"; };
		6A08AD7C29C892E0005947D2 /* search-sm@3x.png */ = {isa = PBXFileReference; lastKnownFileType = image.png; path = "search-sm@3x.png"; sourceTree = "<group>"; };
		6A08AD7D29C892E0005947D2 /* calendar-date@2x.png */ = {isa = PBXFileReference; lastKnownFileType = image.png; path = "calendar-date@2x.png"; sourceTree = "<group>"; };
		6A08AD7E29C892E0005947D2 /* users-02.png */ = {isa = PBXFileReference; lastKnownFileType = image.png; path = "users-02.png"; sourceTree = "<group>"; };
		6A08AD7F29C892E0005947D2 /* check-done-01@2x.png */ = {isa = PBXFileReference; lastKnownFileType = image.png; path = "check-done-01@2x.png"; sourceTree = "<group>"; };
		6A08AD8029C892E0005947D2 /* search-sm.png */ = {isa = PBXFileReference; lastKnownFileType = image.png; path = "search-sm.png"; sourceTree = "<group>"; };
		6A08AD8129C892E0005947D2 /* users-02@2x.png */ = {isa = PBXFileReference; lastKnownFileType = image.png; path = "users-02@2x.png"; sourceTree = "<group>"; };
		6A08AD8F29C89761005947D2 /* UIColor+Ext.swift */ = {isa = PBXFileReference; lastKnownFileType = sourcecode.swift; path = "UIColor+Ext.swift"; sourceTree = "<group>"; };
		6A08AD9D29C89D93005947D2 /* SignInViewController.swift */ = {isa = PBXFileReference; lastKnownFileType = sourcecode.swift; path = SignInViewController.swift; sourceTree = "<group>"; };
		6A08AD9F29C89DED005947D2 /* appleBtn.png */ = {isa = PBXFileReference; lastKnownFileType = image.png; path = appleBtn.png; sourceTree = "<group>"; };
		6A08ADA029C89DED005947D2 /* googleBtn@3x.png */ = {isa = PBXFileReference; lastKnownFileType = image.png; path = "googleBtn@3x.png"; sourceTree = "<group>"; };
		6A08ADA129C89DEE005947D2 /* kakaoBtn@3x.png */ = {isa = PBXFileReference; lastKnownFileType = image.png; path = "kakaoBtn@3x.png"; sourceTree = "<group>"; };
		6A08ADA229C89DEE005947D2 /* kakaoBtn@2x.png */ = {isa = PBXFileReference; lastKnownFileType = image.png; path = "kakaoBtn@2x.png"; sourceTree = "<group>"; };
		6A08ADA329C89DEE005947D2 /* kakaoBtn.png */ = {isa = PBXFileReference; lastKnownFileType = image.png; path = kakaoBtn.png; sourceTree = "<group>"; };
		6A08ADA429C89DEE005947D2 /* appleBtn@3x.png */ = {isa = PBXFileReference; lastKnownFileType = image.png; path = "appleBtn@3x.png"; sourceTree = "<group>"; };
		6A08ADA529C89DEE005947D2 /* googleBtn.png */ = {isa = PBXFileReference; lastKnownFileType = image.png; path = googleBtn.png; sourceTree = "<group>"; };
		6A08ADA629C89DEE005947D2 /* appleBtn@2x.png */ = {isa = PBXFileReference; lastKnownFileType = image.png; path = "appleBtn@2x.png"; sourceTree = "<group>"; };
		6A08ADA729C89DEE005947D2 /* googleBtn@2x.png */ = {isa = PBXFileReference; lastKnownFileType = image.png; path = "googleBtn@2x.png"; sourceTree = "<group>"; };
		6A08ADB129C89E77005947D2 /* SignInViewModel.swift */ = {isa = PBXFileReference; lastKnownFileType = sourcecode.swift; path = SignInViewModel.swift; sourceTree = "<group>"; };
		6A08ADB329C8A064005947D2 /* SignInCoordinator.swift */ = {isa = PBXFileReference; lastKnownFileType = sourcecode.swift; path = SignInCoordinator.swift; sourceTree = "<group>"; };
		6A08ADB529C8A2AF005947D2 /* logo@2x.png */ = {isa = PBXFileReference; lastKnownFileType = image.png; path = "logo@2x.png"; sourceTree = "<group>"; };
		6A08ADB629C8A2AF005947D2 /* logo.png */ = {isa = PBXFileReference; lastKnownFileType = image.png; path = logo.png; sourceTree = "<group>"; };
		6A08ADB729C8A2B0005947D2 /* logo@3x.png */ = {isa = PBXFileReference; lastKnownFileType = image.png; path = "logo@3x.png"; sourceTree = "<group>"; };
		6A08ADC929C8C1F3005947D2 /* APIEndPoint.swift */ = {isa = PBXFileReference; lastKnownFileType = sourcecode.swift; path = APIEndPoint.swift; sourceTree = "<group>"; };
		6A08ADCB29C8C20E005947D2 /* APIRequestType.swift */ = {isa = PBXFileReference; lastKnownFileType = sourcecode.swift; path = APIRequestType.swift; sourceTree = "<group>"; };
		6A08ADCE29C8C231005947D2 /* APIProvider.swift */ = {isa = PBXFileReference; lastKnownFileType = sourcecode.swift; path = APIProvider.swift; sourceTree = "<group>"; };
		6A08ADD029C8C256005947D2 /* NetworkManager.swift */ = {isa = PBXFileReference; lastKnownFileType = sourcecode.swift; path = NetworkManager.swift; sourceTree = "<group>"; };
		6A08ADD229C8C26F005947D2 /* NetworkError.swift */ = {isa = PBXFileReference; lastKnownFileType = sourcecode.swift; path = NetworkError.swift; sourceTree = "<group>"; };
		6A08ADD529C8D048005947D2 /* DefaultKakaoSignInUseCase.swift */ = {isa = PBXFileReference; lastKnownFileType = sourcecode.swift; path = DefaultKakaoSignInUseCase.swift; sourceTree = "<group>"; };
		6A08ADD829C8D096005947D2 /* DefaultSocialAuthRepository.swift */ = {isa = PBXFileReference; lastKnownFileType = sourcecode.swift; path = DefaultSocialAuthRepository.swift; sourceTree = "<group>"; };
		6A08ADDC29C8D5C0005947D2 /* SocialAuthRepository.swift */ = {isa = PBXFileReference; lastKnownFileType = sourcecode.swift; path = SocialAuthRepository.swift; sourceTree = "<group>"; };
		6A08ADDF29C8D6CD005947D2 /* KakaoSignInUseCase.swift */ = {isa = PBXFileReference; lastKnownFileType = sourcecode.swift; path = KakaoSignInUseCase.swift; sourceTree = "<group>"; };
		6A0BF75529D2BE0C006F2604 /* Icon.png */ = {isa = PBXFileReference; lastKnownFileType = image.png; path = Icon.png; sourceTree = "<group>"; };
		6A0BF75629D2BE0C006F2604 /* Icon@3x.png */ = {isa = PBXFileReference; lastKnownFileType = image.png; path = "Icon@3x.png"; sourceTree = "<group>"; };
		6A0BF75729D2BE0C006F2604 /* Icon@2x.png */ = {isa = PBXFileReference; lastKnownFileType = image.png; path = "Icon@2x.png"; sourceTree = "<group>"; };
		6A0BF75B29D2C25B006F2604 /* edit@2x.png */ = {isa = PBXFileReference; lastKnownFileType = image.png; path = "edit@2x.png"; sourceTree = "<group>"; };
		6A0BF75C29D2C25B006F2604 /* edit.png */ = {isa = PBXFileReference; lastKnownFileType = image.png; path = edit.png; sourceTree = "<group>"; };
		6A0BF75D29D2C25B006F2604 /* edit@3x.png */ = {isa = PBXFileReference; lastKnownFileType = image.png; path = "edit@3x.png"; sourceTree = "<group>"; };
		6A0BF76129D35D2C006F2604 /* edit_swipe.png */ = {isa = PBXFileReference; lastKnownFileType = image.png; path = edit_swipe.png; sourceTree = "<group>"; };
		6A0BF76229D35D2C006F2604 /* edit_swipe@2x.png */ = {isa = PBXFileReference; lastKnownFileType = image.png; path = "edit_swipe@2x.png"; sourceTree = "<group>"; };
		6A0BF76329D35D2C006F2604 /* edit_swipe@3x.png */ = {isa = PBXFileReference; lastKnownFileType = image.png; path = "edit_swipe@3x.png"; sourceTree = "<group>"; };
		6A0BF76729D35D47006F2604 /* remove_swipe@3x.png */ = {isa = PBXFileReference; lastKnownFileType = image.png; path = "remove_swipe@3x.png"; sourceTree = "<group>"; };
		6A0BF76829D35D47006F2604 /* remove_swipe.png */ = {isa = PBXFileReference; lastKnownFileType = image.png; path = remove_swipe.png; sourceTree = "<group>"; };
		6A0BF76929D35D47006F2604 /* remove_swipe@2x.png */ = {isa = PBXFileReference; lastKnownFileType = image.png; path = "remove_swipe@2x.png"; sourceTree = "<group>"; };
		6A24F82229CB43FE0000FD64 /* HomeCalendarCoordinator.swift */ = {isa = PBXFileReference; lastKnownFileType = sourcecode.swift; path = HomeCalendarCoordinator.swift; sourceTree = "<group>"; };
		6A24F83029CB45170000FD64 /* TodoCoordinator.swift */ = {isa = PBXFileReference; lastKnownFileType = sourcecode.swift; path = TodoCoordinator.swift; sourceTree = "<group>"; };
		6A24F83329CB45D90000FD64 /* SearchCoordinator.swift */ = {isa = PBXFileReference; lastKnownFileType = sourcecode.swift; path = SearchCoordinator.swift; sourceTree = "<group>"; };
		6A24F83529CB46640000FD64 /* GroupCoordinator.swift */ = {isa = PBXFileReference; lastKnownFileType = sourcecode.swift; path = GroupCoordinator.swift; sourceTree = "<group>"; };
		6A24F83929CB49BD0000FD64 /* DayViewModel.swift */ = {isa = PBXFileReference; lastKnownFileType = sourcecode.swift; path = DayViewModel.swift; sourceTree = "<group>"; };
		6A24F83B29CB49F10000FD64 /* WeekDay.swift */ = {isa = PBXFileReference; lastKnownFileType = sourcecode.swift; path = WeekDay.swift; sourceTree = "<group>"; };
		6A24F83D29CB4A440000FD64 /* Todo.swift */ = {isa = PBXFileReference; lastKnownFileType = sourcecode.swift; path = Todo.swift; sourceTree = "<group>"; };
		6A24F83F29CB4A5C0000FD64 /* TodoType.swift */ = {isa = PBXFileReference; lastKnownFileType = sourcecode.swift; path = TodoType.swift; sourceTree = "<group>"; };
		6A24F84129CB4A8B0000FD64 /* ContinuousDay.swift */ = {isa = PBXFileReference; lastKnownFileType = sourcecode.swift; path = ContinuousDay.swift; sourceTree = "<group>"; };
		6A24F84329CB4AAE0000FD64 /* TodoCategoryColor.swift */ = {isa = PBXFileReference; lastKnownFileType = sourcecode.swift; path = TodoCategoryColor.swift; sourceTree = "<group>"; };
		6A24F84529CB4AED0000FD64 /* MonthStateOfDay.swift */ = {isa = PBXFileReference; lastKnownFileType = sourcecode.swift; path = MonthStateOfDay.swift; sourceTree = "<group>"; };
		6A24F84B29CB6DC60000FD64 /* GoogleSignInUseCase.swift */ = {isa = PBXFileReference; lastKnownFileType = sourcecode.swift; path = GoogleSignInUseCase.swift; sourceTree = "<group>"; };
		6A24F84D29CB6DE60000FD64 /* DefaultGoogleSignInUseCase.swift */ = {isa = PBXFileReference; lastKnownFileType = sourcecode.swift; path = DefaultGoogleSignInUseCase.swift; sourceTree = "<group>"; };
		6A24F84F29CB77830000FD64 /* Calendar+Ext.swift */ = {isa = PBXFileReference; lastKnownFileType = sourcecode.swift; path = "Calendar+Ext.swift"; sourceTree = "<group>"; };
		6A24F85129CB7C400000FD64 /* HomeCalendarViewModel.swift */ = {isa = PBXFileReference; lastKnownFileType = sourcecode.swift; path = HomeCalendarViewModel.swift; sourceTree = "<group>"; };
		6A24F85329CB7ED10000FD64 /* CreateMonthlyCalendarUseCase.swift */ = {isa = PBXFileReference; lastKnownFileType = sourcecode.swift; path = CreateMonthlyCalendarUseCase.swift; sourceTree = "<group>"; };
		6A24F85529CB7EF90000FD64 /* DefaultCreateMonthlyCalendarUseCase.swift */ = {isa = PBXFileReference; lastKnownFileType = sourcecode.swift; path = DefaultCreateMonthlyCalendarUseCase.swift; sourceTree = "<group>"; };
		6A24F85929CB873B0000FD64 /* DefaultFetchTodoListUseCase.swift */ = {isa = PBXFileReference; lastKnownFileType = sourcecode.swift; path = DefaultFetchTodoListUseCase.swift; sourceTree = "<group>"; };
		6A24F85D29CB87D70000FD64 /* FetchTodoListUseCase.swift */ = {isa = PBXFileReference; lastKnownFileType = sourcecode.swift; path = FetchTodoListUseCase.swift; sourceTree = "<group>"; };
		6A24F85F29CB8A6B0000FD64 /* DefaultTodoRepository.swift */ = {isa = PBXFileReference; lastKnownFileType = sourcecode.swift; path = DefaultTodoRepository.swift; sourceTree = "<group>"; };
		6A24F86129CC5C400000FD64 /* TodoRepository.swift */ = {isa = PBXFileReference; lastKnownFileType = sourcecode.swift; path = TodoRepository.swift; sourceTree = "<group>"; };
		6A24F86329CC83890000FD64 /* DefaultDateFormatYYYYMMUseCase.swift */ = {isa = PBXFileReference; lastKnownFileType = sourcecode.swift; path = DefaultDateFormatYYYYMMUseCase.swift; sourceTree = "<group>"; };
		6A24F86529CC84150000FD64 /* DateFormatYYYYMMUseCase.swift */ = {isa = PBXFileReference; lastKnownFileType = sourcecode.swift; path = DateFormatYYYYMMUseCase.swift; sourceTree = "<group>"; };
		6A24F88B29CE26540000FD64 /* HomeCalendarViewController.swift */ = {isa = PBXFileReference; lastKnownFileType = sourcecode.swift; path = HomeCalendarViewController.swift; sourceTree = "<group>"; };
		6A24F89429CE285F0000FD64 /* MonthlyCalendarCell.swift */ = {isa = PBXFileReference; lastKnownFileType = sourcecode.swift; path = MonthlyCalendarCell.swift; sourceTree = "<group>"; };
		6A24F89829CE29330000FD64 /* DailyCalendarCell.swift */ = {isa = PBXFileReference; lastKnownFileType = sourcecode.swift; path = DailyCalendarCell.swift; sourceTree = "<group>"; };
		6A24F89A29CE299A0000FD64 /* SmallTodoView.swift */ = {isa = PBXFileReference; lastKnownFileType = sourcecode.swift; path = SmallTodoView.swift; sourceTree = "<group>"; };
		6A24F89D29CE29F50000FD64 /* TodoCategory+Ext.swift */ = {isa = PBXFileReference; lastKnownFileType = sourcecode.swift; path = "TodoCategory+Ext.swift"; sourceTree = "<group>"; };
		6A24F8A929CE3F7E0000FD64 /* Pretendard-Regular.otf */ = {isa = PBXFileReference; lastKnownFileType = file; path = "Pretendard-Regular.otf"; sourceTree = "<group>"; };
		6A24F8AA29CE3F7F0000FD64 /* Pretendard-Medium.otf */ = {isa = PBXFileReference; lastKnownFileType = file; path = "Pretendard-Medium.otf"; sourceTree = "<group>"; };
		6A24F8AB29CE3F7F0000FD64 /* Pretendard-Black.otf */ = {isa = PBXFileReference; lastKnownFileType = file; path = "Pretendard-Black.otf"; sourceTree = "<group>"; };
		6A24F8AC29CE3F7F0000FD64 /* Pretendard-SemiBold.otf */ = {isa = PBXFileReference; lastKnownFileType = file; path = "Pretendard-SemiBold.otf"; sourceTree = "<group>"; };
		6A24F8AD29CE3F7F0000FD64 /* Pretendard-ExtraLight.otf */ = {isa = PBXFileReference; lastKnownFileType = file; path = "Pretendard-ExtraLight.otf"; sourceTree = "<group>"; };
		6A24F8AE29CE3F7F0000FD64 /* Pretendard-Bold.otf */ = {isa = PBXFileReference; lastKnownFileType = file; path = "Pretendard-Bold.otf"; sourceTree = "<group>"; };
		6A24F8AF29CE3F7F0000FD64 /* Pretendard-Light.otf */ = {isa = PBXFileReference; lastKnownFileType = file; path = "Pretendard-Light.otf"; sourceTree = "<group>"; };
		6A24F8B029CE3F7F0000FD64 /* Pretendard-ExtraBold.otf */ = {isa = PBXFileReference; lastKnownFileType = file; path = "Pretendard-ExtraBold.otf"; sourceTree = "<group>"; };
		6A24F8B129CE3F7F0000FD64 /* Pretendard-Thin.otf */ = {isa = PBXFileReference; lastKnownFileType = file; path = "Pretendard-Thin.otf"; sourceTree = "<group>"; };
		6A24F8BB29CE50DC0000FD64 /* ScrollDirection.swift */ = {isa = PBXFileReference; lastKnownFileType = sourcecode.swift; path = ScrollDirection.swift; sourceTree = "<group>"; };
		6A24F8BD29CE65F30000FD64 /* MonthlyCalendarCellDelegate.swift */ = {isa = PBXFileReference; lastKnownFileType = sourcecode.swift; path = MonthlyCalendarCellDelegate.swift; sourceTree = "<group>"; };
		6A24F8E129D1D4A30000FD64 /* list@2x.png */ = {isa = PBXFileReference; lastKnownFileType = image.png; path = "list@2x.png"; sourceTree = "<group>"; };
		6A24F8E229D1D4A30000FD64 /* list@3x.png */ = {isa = PBXFileReference; lastKnownFileType = image.png; path = "list@3x.png"; sourceTree = "<group>"; };
		6A24F8E329D1D4A30000FD64 /* user-circle.png */ = {isa = PBXFileReference; lastKnownFileType = image.png; path = "user-circle.png"; sourceTree = "<group>"; };
		6A24F8E429D1D4A30000FD64 /* user-circle@2x.png */ = {isa = PBXFileReference; lastKnownFileType = image.png; path = "user-circle@2x.png"; sourceTree = "<group>"; };
		6A24F8E529D1D4A30000FD64 /* list.png */ = {isa = PBXFileReference; lastKnownFileType = image.png; path = list.png; sourceTree = "<group>"; };
		6A24F8E629D1D4A40000FD64 /* user-circle@3x.png */ = {isa = PBXFileReference; lastKnownFileType = image.png; path = "user-circle@3x.png"; sourceTree = "<group>"; };
		6A24F8ED29D1D5510000FD64 /* MonthPickerViewController.swift */ = {isa = PBXFileReference; lastKnownFileType = sourcecode.swift; path = MonthPickerViewController.swift; sourceTree = "<group>"; };
		6A24F8EF29D1D5F80000FD64 /* MonthPickerViewCell.swift */ = {isa = PBXFileReference; lastKnownFileType = sourcecode.swift; path = MonthPickerViewCell.swift; sourceTree = "<group>"; };
		6A24F8F129D1D6470000FD64 /* chevron-left@3x.png */ = {isa = PBXFileReference; lastKnownFileType = image.png; path = "chevron-left@3x.png"; sourceTree = "<group>"; };
		6A24F8F229D1D6470000FD64 /* chevron-right@3x.png */ = {isa = PBXFileReference; lastKnownFileType = image.png; path = "chevron-right@3x.png"; sourceTree = "<group>"; };
		6A24F8F329D1D6470000FD64 /* chevron-left.png */ = {isa = PBXFileReference; lastKnownFileType = image.png; path = "chevron-left.png"; sourceTree = "<group>"; };
		6A24F8F429D1D6470000FD64 /* chevron-right.png */ = {isa = PBXFileReference; lastKnownFileType = image.png; path = "chevron-right.png"; sourceTree = "<group>"; };
		6A24F8F529D1D6470000FD64 /* chevron-left@2x.png */ = {isa = PBXFileReference; lastKnownFileType = image.png; path = "chevron-left@2x.png"; sourceTree = "<group>"; };
		6A24F8F629D1D6470000FD64 /* chevron-right@2x.png */ = {isa = PBXFileReference; lastKnownFileType = image.png; path = "chevron-right@2x.png"; sourceTree = "<group>"; };
		6A24F8FD29D1E20E0000FD64 /* MonthPickerViewModel.swift */ = {isa = PBXFileReference; lastKnownFileType = sourcecode.swift; path = MonthPickerViewModel.swift; sourceTree = "<group>"; };
		6A24F90729D210450000FD64 /* TodoMainViewModel.swift */ = {isa = PBXFileReference; lastKnownFileType = sourcecode.swift; path = TodoMainViewModel.swift; sourceTree = "<group>"; };
		6A24F90929D220690000FD64 /* DefaultCreateDailyCalendarUseCase.swift */ = {isa = PBXFileReference; lastKnownFileType = sourcecode.swift; path = DefaultCreateDailyCalendarUseCase.swift; sourceTree = "<group>"; };
		6A24F90B29D223960000FD64 /* DetailDayViewModel.swift */ = {isa = PBXFileReference; lastKnownFileType = sourcecode.swift; path = DetailDayViewModel.swift; sourceTree = "<group>"; };
		6A24F90D29D223D90000FD64 /* CreateDailyCalendarUseCase.swift */ = {isa = PBXFileReference; lastKnownFileType = sourcecode.swift; path = CreateDailyCalendarUseCase.swift; sourceTree = "<group>"; };
		6A24F90F29D226810000FD64 /* TodoMainViewController.swift */ = {isa = PBXFileReference; lastKnownFileType = sourcecode.swift; path = TodoMainViewController.swift; sourceTree = "<group>"; };
		6A24F91829D22D080000FD64 /* TodoDailyCollectionView.swift */ = {isa = PBXFileReference; lastKnownFileType = sourcecode.swift; path = TodoDailyCollectionView.swift; sourceTree = "<group>"; };
		6A24F91A29D22D5B0000FD64 /* BigTodoCell.swift */ = {isa = PBXFileReference; lastKnownFileType = sourcecode.swift; path = BigTodoCell.swift; sourceTree = "<group>"; };
		6A24F91C29D22D8B0000FD64 /* TodoSectionBackgroundDecorationView.swift */ = {isa = PBXFileReference; lastKnownFileType = sourcecode.swift; path = TodoSectionBackgroundDecorationView.swift; sourceTree = "<group>"; };
		6A24F91E29D22DAD0000FD64 /* TodoSectionHeaderSupplementaryView.swift */ = {isa = PBXFileReference; lastKnownFileType = sourcecode.swift; path = TodoSectionHeaderSupplementaryView.swift; sourceTree = "<group>"; };
		6A24F92029D22EC10000FD64 /* TodoDailyCalendarCell.swift */ = {isa = PBXFileReference; lastKnownFileType = sourcecode.swift; path = TodoDailyCalendarCell.swift; sourceTree = "<group>"; };
		6A24F92229D254630000FD64 /* AddTodoViewController.swift */ = {isa = PBXFileReference; lastKnownFileType = sourcecode.swift; path = AddTodoViewController.swift; sourceTree = "<group>"; };
		6A24F92429D276C50000FD64 /* AddTodoViewModel.swift */ = {isa = PBXFileReference; lastKnownFileType = sourcecode.swift; name = AddTodoViewModel.swift; path = ../../HomeCalendarScene/ViewModel/AddTodoViewModel.swift; sourceTree = "<group>"; };
		6A24F92629D276FA0000FD64 /* SmallCalendarDayViewModel.swift */ = {isa = PBXFileReference; lastKnownFileType = sourcecode.swift; path = SmallCalendarDayViewModel.swift; sourceTree = "<group>"; };
		6A483DA929CA238B003375BF /* RedirectionalWebViewController.swift */ = {isa = PBXFileReference; lastKnownFileType = sourcecode.swift; path = RedirectionalWebViewController.swift; sourceTree = "<group>"; };
		6A483DAB29CA23D9003375BF /* RedirectionalWebViewModel.swift */ = {isa = PBXFileReference; lastKnownFileType = sourcecode.swift; path = RedirectionalWebViewModel.swift; sourceTree = "<group>"; };
		6A483DAD29CA42F5003375BF /* AuthURL.swift */ = {isa = PBXFileReference; lastKnownFileType = sourcecode.swift; path = AuthURL.swift; sourceTree = "<group>"; };
		6A483DB129CA804C003375BF /* PlanusRelease.entitlements */ = {isa = PBXFileReference; lastKnownFileType = text.plist.entitlements; path = PlanusRelease.entitlements; sourceTree = "<group>"; };
		6A9A07AF29D3C7E70051AD43 /* arrow_white@2x.png */ = {isa = PBXFileReference; lastKnownFileType = image.png; path = "arrow_white@2x.png"; sourceTree = "<group>"; };
		6A9A07B029D3C7E70051AD43 /* arrow_white@3x.png */ = {isa = PBXFileReference; lastKnownFileType = image.png; path = "arrow_white@3x.png"; sourceTree = "<group>"; };
		6A9A07B129D3C7E70051AD43 /* arrow_white.png */ = {isa = PBXFileReference; lastKnownFileType = image.png; path = arrow_white.png; sourceTree = "<group>"; };
		6A9A07B529D3C7F10051AD43 /* arrow_dark@3x.png */ = {isa = PBXFileReference; lastKnownFileType = image.png; path = "arrow_dark@3x.png"; sourceTree = "<group>"; };
		6A9A07B629D3C7F10051AD43 /* arrow_dark.png */ = {isa = PBXFileReference; lastKnownFileType = image.png; path = arrow_dark.png; sourceTree = "<group>"; };
		6A9A07B729D3C7F10051AD43 /* arrow_dark@2x.png */ = {isa = PBXFileReference; lastKnownFileType = image.png; path = "arrow_dark@2x.png"; sourceTree = "<group>"; };
		6A9A07BB29D3D52B0051AD43 /* categoryCheck.png */ = {isa = PBXFileReference; lastKnownFileType = image.png; path = categoryCheck.png; sourceTree = "<group>"; };
		6A9A07BC29D3D52B0051AD43 /* categoryCheck@3x.png */ = {isa = PBXFileReference; lastKnownFileType = image.png; path = "categoryCheck@3x.png"; sourceTree = "<group>"; };
		6A9A07BD29D3D52B0051AD43 /* categoryCheck@2x.png */ = {isa = PBXFileReference; lastKnownFileType = image.png; path = "categoryCheck@2x.png"; sourceTree = "<group>"; };
		6A9A07C729D3D83B0051AD43 /* AddTodoControllerPageType.swift */ = {isa = PBXFileReference; lastKnownFileType = sourcecode.swift; path = AddTodoControllerPageType.swift; sourceTree = "<group>"; };
		6A9A07C929D3D87A0051AD43 /* AddTodoView.swift */ = {isa = PBXFileReference; lastKnownFileType = sourcecode.swift; path = AddTodoView.swift; sourceTree = "<group>"; };
		6A9A07CB29D3D8B60051AD43 /* CategorySelectView.swift */ = {isa = PBXFileReference; lastKnownFileType = sourcecode.swift; path = CategorySelectView.swift; sourceTree = "<group>"; };
		6A9A07CD29D3D9140051AD43 /* CategorySelectCell.swift */ = {isa = PBXFileReference; lastKnownFileType = sourcecode.swift; path = CategorySelectCell.swift; sourceTree = "<group>"; };
		6A9A07CF29D3D9C70051AD43 /* CategoryCreateView.swift */ = {isa = PBXFileReference; lastKnownFileType = sourcecode.swift; path = CategoryCreateView.swift; sourceTree = "<group>"; };
		6A9A07D129D3DA040051AD43 /* CategoryCreateCell.swift */ = {isa = PBXFileReference; lastKnownFileType = sourcecode.swift; path = CategoryCreateCell.swift; sourceTree = "<group>"; };
		6A9A07D329D3DC350051AD43 /* DaySelectViewController.swift */ = {isa = PBXFileReference; lastKnownFileType = sourcecode.swift; path = DaySelectViewController.swift; sourceTree = "<group>"; };
		6A9A07D629D3DC7F0051AD43 /* DayPickerViewController.swift */ = {isa = PBXFileReference; lastKnownFileType = sourcecode.swift; path = DayPickerViewController.swift; sourceTree = "<group>"; };
		6A9A07D829D3DCB70051AD43 /* DayPickerView.swift */ = {isa = PBXFileReference; lastKnownFileType = sourcecode.swift; path = DayPickerView.swift; sourceTree = "<group>"; };
		6A9A07DA29D3DCE20051AD43 /* DayPickerCollectionView.swift */ = {isa = PBXFileReference; lastKnownFileType = sourcecode.swift; path = DayPickerCollectionView.swift; sourceTree = "<group>"; };
		6A9A07DC29D3DD070051AD43 /* DayPickerCollectionViewCell.swift */ = {isa = PBXFileReference; lastKnownFileType = sourcecode.swift; path = DayPickerCollectionViewCell.swift; sourceTree = "<group>"; };
		B315EC64424BFD60FF1CB8AE /* Pods-Planus.release.xcconfig */ = {isa = PBXFileReference; includeInIndex = 1; lastKnownFileType = text.xcconfig; name = "Pods-Planus.release.xcconfig"; path = "Target Support Files/Pods-Planus/Pods-Planus.release.xcconfig"; sourceTree = "<group>"; };
		C4C3A139F593A7D7746756FA /* Pods-Planus.debug.xcconfig */ = {isa = PBXFileReference; includeInIndex = 1; lastKnownFileType = text.xcconfig; name = "Pods-Planus.debug.xcconfig"; path = "Target Support Files/Pods-Planus/Pods-Planus.debug.xcconfig"; sourceTree = "<group>"; };
/* End PBXFileReference section */

/* Begin PBXFrameworksBuildPhase section */
		6A08AD4A29C87C61005947D2 /* Frameworks */ = {
			isa = PBXFrameworksBuildPhase;
			buildActionMask = 2147483647;
			files = (
				3006B02F8652D957CA7F0742 /* Pods_Planus.framework in Frameworks */,
			);
			runOnlyForDeploymentPostprocessing = 0;
		};
/* End PBXFrameworksBuildPhase section */

/* Begin PBXGroup section */
		302030BC8E4D1FE29BBC2FC8 /* Frameworks */ = {
			isa = PBXGroup;
			children = (
				3E5BFF2B1F73A7F82D6704DC /* Pods_Planus.framework */,
			);
			name = Frameworks;
			sourceTree = "<group>";
		};
		6A08AD4429C87C61005947D2 = {
			isa = PBXGroup;
			children = (
				6A08AD4F29C87C61005947D2 /* Planus */,
				6A08AD4E29C87C61005947D2 /* Products */,
				974AE7300BB25B96DF1DF093 /* Pods */,
				302030BC8E4D1FE29BBC2FC8 /* Frameworks */,
			);
			sourceTree = "<group>";
		};
		6A08AD4E29C87C61005947D2 /* Products */ = {
			isa = PBXGroup;
			children = (
				6A08AD4D29C87C61005947D2 /* Planus.app */,
			);
			name = Products;
			sourceTree = "<group>";
		};
		6A08AD4F29C87C61005947D2 /* Planus */ = {
			isa = PBXGroup;
			children = (
				6A24F89F29CE3C6F0000FD64 /* Font */,
				6A483DB129CA804C003375BF /* PlanusRelease.entitlements */,
				6A08AD8E29C89753005947D2 /* Util */,
				6A08AD7529C8927A005947D2 /* icons */,
				6A08AD6B29C8864C005947D2 /* Application */,
				6A08AD6A29C88545005947D2 /* Infrastructure */,
				6A08AD6929C88508005947D2 /* Data */,
				6A08AD6729C884B9005947D2 /* Domain */,
				6A08AD6629C884B2005947D2 /* Presentation */,
				6A08AD5429C87C61005947D2 /* ViewController.swift */,
				6A08AD5929C87C63005947D2 /* Assets.xcassets */,
				6A08AD5B29C87C63005947D2 /* LaunchScreen.storyboard */,
				6A08AD5E29C87C63005947D2 /* Info.plist */,
			);
			path = Planus;
			sourceTree = "<group>";
		};
		6A08AD6629C884B2005947D2 /* Presentation */ = {
			isa = PBXGroup;
			children = (
				6A9A07C129D3D7B00051AD43 /* AddTodoScene */,
				6A08AD9129C898A1005947D2 /* HomeCalendarScene */,
				6A24F82629CB44940000FD64 /* GroupScene */,
				6A24F82529CB44850000FD64 /* SearchScene */,
				6A24F82429CB44780000FD64 /* TodoScene */,
				6A08ADDE29C8D6B6005947D2 /* Interface */,
				6A08AD9629C89971005947D2 /* SignInScene */,
				6A08AD6C29C88939005947D2 /* Common */,
			);
			path = Presentation;
			sourceTree = "<group>";
		};
		6A08AD6729C884B9005947D2 /* Domain */ = {
			isa = PBXGroup;
			children = (
				6A483DA829CA22D4003375BF /* Entity */,
				6A08ADDB29C8D5B1005947D2 /* Interface */,
				6A08ADDA29C8D5A9005947D2 /* UseCase */,
			);
			path = Domain;
			sourceTree = "<group>";
		};
		6A08AD6929C88508005947D2 /* Data */ = {
			isa = PBXGroup;
			children = (
				6A08ADD729C8D079005947D2 /* Repository */,
				6A08ADCD29C8C223005947D2 /* Interface */,
			);
			path = Data;
			sourceTree = "<group>";
		};
		6A08AD6A29C88545005947D2 /* Infrastructure */ = {
			isa = PBXGroup;
			children = (
				6A08ADD429C8C27A005947D2 /* API */,
			);
			path = Infrastructure;
			sourceTree = "<group>";
		};
		6A08AD6B29C8864C005947D2 /* Application */ = {
			isa = PBXGroup;
			children = (
				6A08AD5029C87C61005947D2 /* AppDelegate.swift */,
				6A08AD5229C87C61005947D2 /* SceneDelegate.swift */,
			);
			path = Application;
			sourceTree = "<group>";
		};
		6A08AD6C29C88939005947D2 /* Common */ = {
			isa = PBXGroup;
			children = (
				6A08AD7229C89133005947D2 /* Coordinator */,
				6A08AD7129C8912A005947D2 /* Interface */,
				6A24F89D29CE29F50000FD64 /* TodoCategory+Ext.swift */,
				6A24F8BB29CE50DC0000FD64 /* ScrollDirection.swift */,
			);
			path = Common;
			sourceTree = "<group>";
		};
		6A08AD7129C8912A005947D2 /* Interface */ = {
			isa = PBXGroup;
			children = (
				6A08AD6D29C88969005947D2 /* Coordinator.swift */,
			);
			path = Interface;
			sourceTree = "<group>";
		};
		6A08AD7229C89133005947D2 /* Coordinator */ = {
			isa = PBXGroup;
			children = (
				6A08AD6F29C889D5005947D2 /* AppCoordinator.swift */,
				6A08AD7329C89143005947D2 /* MainTabCoordinator.swift */,
			);
			path = Coordinator;
			sourceTree = "<group>";
		};
		6A08AD7529C8927A005947D2 /* icons */ = {
			isa = PBXGroup;
			children = (
				6A9A07BB29D3D52B0051AD43 /* categoryCheck.png */,
				6A9A07BD29D3D52B0051AD43 /* categoryCheck@2x.png */,
				6A9A07BC29D3D52B0051AD43 /* categoryCheck@3x.png */,
				6A9A07B629D3C7F10051AD43 /* arrow_dark.png */,
				6A9A07B729D3C7F10051AD43 /* arrow_dark@2x.png */,
				6A9A07B529D3C7F10051AD43 /* arrow_dark@3x.png */,
				6A9A07B129D3C7E70051AD43 /* arrow_white.png */,
				6A9A07AF29D3C7E70051AD43 /* arrow_white@2x.png */,
				6A9A07B029D3C7E70051AD43 /* arrow_white@3x.png */,
				6A0BF76829D35D47006F2604 /* remove_swipe.png */,
				6A0BF76929D35D47006F2604 /* remove_swipe@2x.png */,
				6A0BF76729D35D47006F2604 /* remove_swipe@3x.png */,
				6A0BF76129D35D2C006F2604 /* edit_swipe.png */,
				6A0BF76229D35D2C006F2604 /* edit_swipe@2x.png */,
				6A0BF76329D35D2C006F2604 /* edit_swipe@3x.png */,
				6A0BF75C29D2C25B006F2604 /* edit.png */,
				6A0BF75B29D2C25B006F2604 /* edit@2x.png */,
				6A0BF75D29D2C25B006F2604 /* edit@3x.png */,
				6A0BF75529D2BE0C006F2604 /* Icon.png */,
				6A0BF75729D2BE0C006F2604 /* Icon@2x.png */,
				6A0BF75629D2BE0C006F2604 /* Icon@3x.png */,
				6A08AD9F29C89DED005947D2 /* appleBtn.png */,
				6A08ADA629C89DEE005947D2 /* appleBtn@2x.png */,
				6A08ADA429C89DEE005947D2 /* appleBtn@3x.png */,
				6A08ADA529C89DEE005947D2 /* googleBtn.png */,
				6A08ADA729C89DEE005947D2 /* googleBtn@2x.png */,
				6A08ADA029C89DED005947D2 /* googleBtn@3x.png */,
				6A08ADA329C89DEE005947D2 /* kakaoBtn.png */,
				6A08ADA229C89DEE005947D2 /* kakaoBtn@2x.png */,
				6A08ADA129C89DEE005947D2 /* kakaoBtn@3x.png */,
				6A08AD7B29C892E0005947D2 /* calendar-date.png */,
				6A08AD7D29C892E0005947D2 /* calendar-date@2x.png */,
				6A08AD7829C892DF005947D2 /* calendar-date@3x.png */,
				6A08AD7729C892DF005947D2 /* check-done-01.png */,
				6A08AD7F29C892E0005947D2 /* check-done-01@2x.png */,
				6A08AD7A29C892E0005947D2 /* check-done-01@3x.png */,
				6A08AD8029C892E0005947D2 /* search-sm.png */,
				6A08AD7929C892E0005947D2 /* search-sm@2x.png */,
				6A08AD7C29C892E0005947D2 /* search-sm@3x.png */,
				6A08AD7E29C892E0005947D2 /* users-02.png */,
				6A08AD8129C892E0005947D2 /* users-02@2x.png */,
				6A08AD7629C892DF005947D2 /* users-02@3x.png */,
				6A08ADB629C8A2AF005947D2 /* logo.png */,
				6A08ADB529C8A2AF005947D2 /* logo@2x.png */,
				6A08ADB729C8A2B0005947D2 /* logo@3x.png */,
				6A24F8E529D1D4A30000FD64 /* list.png */,
				6A24F8E129D1D4A30000FD64 /* list@2x.png */,
				6A24F8E229D1D4A30000FD64 /* list@3x.png */,
				6A24F8E329D1D4A30000FD64 /* user-circle.png */,
				6A24F8E429D1D4A30000FD64 /* user-circle@2x.png */,
				6A24F8E629D1D4A40000FD64 /* user-circle@3x.png */,
				6A24F8F329D1D6470000FD64 /* chevron-left.png */,
				6A24F8F529D1D6470000FD64 /* chevron-left@2x.png */,
				6A24F8F129D1D6470000FD64 /* chevron-left@3x.png */,
				6A24F8F429D1D6470000FD64 /* chevron-right.png */,
				6A24F8F629D1D6470000FD64 /* chevron-right@2x.png */,
				6A24F8F229D1D6470000FD64 /* chevron-right@3x.png */,
			);
			path = icons;
			sourceTree = "<group>";
		};
		6A08AD8E29C89753005947D2 /* Util */ = {
			isa = PBXGroup;
			children = (
				6A08AD8F29C89761005947D2 /* UIColor+Ext.swift */,
				6A483DAD29CA42F5003375BF /* AuthURL.swift */,
				6A24F84F29CB77830000FD64 /* Calendar+Ext.swift */,
			);
			path = Util;
			sourceTree = "<group>";
		};
		6A08AD9129C898A1005947D2 /* HomeCalendarScene */ = {
			isa = PBXGroup;
			children = (
				6A24F88F29CE27260000FD64 /* DataSource */,
				6A08AD9529C898C9005947D2 /* Coordinator */,
				6A08AD9429C898C3005947D2 /* ViewController */,
				6A08AD9329C898BC005947D2 /* ViewModel */,
				6A08AD9229C898B6005947D2 /* View */,
			);
			path = HomeCalendarScene;
			sourceTree = "<group>";
		};
		6A08AD9229C898B6005947D2 /* View */ = {
			isa = PBXGroup;
			children = (
				6A24F89429CE285F0000FD64 /* MonthlyCalendarCell.swift */,
				6A24F89829CE29330000FD64 /* DailyCalendarCell.swift */,
				6A24F89A29CE299A0000FD64 /* SmallTodoView.swift */,
				6A24F8BD29CE65F30000FD64 /* MonthlyCalendarCellDelegate.swift */,
				6A24F8EF29D1D5F80000FD64 /* MonthPickerViewCell.swift */,
			);
			path = View;
			sourceTree = "<group>";
		};
		6A08AD9329C898BC005947D2 /* ViewModel */ = {
			isa = PBXGroup;
			children = (
				6A24F85129CB7C400000FD64 /* HomeCalendarViewModel.swift */,
				6A24F8FD29D1E20E0000FD64 /* MonthPickerViewModel.swift */,
				6A24F92629D276FA0000FD64 /* SmallCalendarDayViewModel.swift */,
			);
			path = ViewModel;
			sourceTree = "<group>";
		};
		6A08AD9429C898C3005947D2 /* ViewController */ = {
			isa = PBXGroup;
			children = (
				6A24F88B29CE26540000FD64 /* HomeCalendarViewController.swift */,
				6A24F8ED29D1D5510000FD64 /* MonthPickerViewController.swift */,
			);
			path = ViewController;
			sourceTree = "<group>";
		};
		6A08AD9529C898C9005947D2 /* Coordinator */ = {
			isa = PBXGroup;
			children = (
				6A24F82229CB43FE0000FD64 /* HomeCalendarCoordinator.swift */,
			);
			path = Coordinator;
			sourceTree = "<group>";
		};
		6A08AD9629C89971005947D2 /* SignInScene */ = {
			isa = PBXGroup;
			children = (
				6A08AD9A29C89992005947D2 /* Coordinator */,
				6A08AD9929C8998B005947D2 /* ViewController */,
				6A08AD9829C89986005947D2 /* ViewModel */,
				6A08AD9729C89980005947D2 /* View */,
			);
			path = SignInScene;
			sourceTree = "<group>";
		};
		6A08AD9729C89980005947D2 /* View */ = {
			isa = PBXGroup;
			children = (
			);
			path = View;
			sourceTree = "<group>";
		};
		6A08AD9829C89986005947D2 /* ViewModel */ = {
			isa = PBXGroup;
			children = (
				6A08ADB129C89E77005947D2 /* SignInViewModel.swift */,
				6A483DAB29CA23D9003375BF /* RedirectionalWebViewModel.swift */,
			);
			path = ViewModel;
			sourceTree = "<group>";
		};
		6A08AD9929C8998B005947D2 /* ViewController */ = {
			isa = PBXGroup;
			children = (
				6A08AD9D29C89D93005947D2 /* SignInViewController.swift */,
				6A483DA929CA238B003375BF /* RedirectionalWebViewController.swift */,
			);
			path = ViewController;
			sourceTree = "<group>";
		};
		6A08AD9A29C89992005947D2 /* Coordinator */ = {
			isa = PBXGroup;
			children = (
				6A08ADB329C8A064005947D2 /* SignInCoordinator.swift */,
			);
			path = Coordinator;
			sourceTree = "<group>";
		};
		6A08ADCD29C8C223005947D2 /* Interface */ = {
			isa = PBXGroup;
			children = (
				6A08ADCE29C8C231005947D2 /* APIProvider.swift */,
			);
			path = Interface;
			sourceTree = "<group>";
		};
		6A08ADD429C8C27A005947D2 /* API */ = {
			isa = PBXGroup;
			children = (
				6A08ADC929C8C1F3005947D2 /* APIEndPoint.swift */,
				6A08ADCB29C8C20E005947D2 /* APIRequestType.swift */,
				6A08ADD029C8C256005947D2 /* NetworkManager.swift */,
				6A08ADD229C8C26F005947D2 /* NetworkError.swift */,
			);
			path = API;
			sourceTree = "<group>";
		};
		6A08ADD729C8D079005947D2 /* Repository */ = {
			isa = PBXGroup;
			children = (
				6A08ADD829C8D096005947D2 /* DefaultSocialAuthRepository.swift */,
				6A24F85F29CB8A6B0000FD64 /* DefaultTodoRepository.swift */,
			);
			path = Repository;
			sourceTree = "<group>";
		};
		6A08ADDA29C8D5A9005947D2 /* UseCase */ = {
			isa = PBXGroup;
			children = (
				6A08ADD529C8D048005947D2 /* DefaultKakaoSignInUseCase.swift */,
				6A24F84D29CB6DE60000FD64 /* DefaultGoogleSignInUseCase.swift */,
				6A24F85529CB7EF90000FD64 /* DefaultCreateMonthlyCalendarUseCase.swift */,
				6A24F85929CB873B0000FD64 /* DefaultFetchTodoListUseCase.swift */,
				6A24F86329CC83890000FD64 /* DefaultDateFormatYYYYMMUseCase.swift */,
				6A24F90929D220690000FD64 /* DefaultCreateDailyCalendarUseCase.swift */,
			);
			path = UseCase;
			sourceTree = "<group>";
		};
		6A08ADDB29C8D5B1005947D2 /* Interface */ = {
			isa = PBXGroup;
			children = (
				6A08ADDC29C8D5C0005947D2 /* SocialAuthRepository.swift */,
				6A24F86129CC5C400000FD64 /* TodoRepository.swift */,
			);
			path = Interface;
			sourceTree = "<group>";
		};
		6A08ADDE29C8D6B6005947D2 /* Interface */ = {
			isa = PBXGroup;
			children = (
				6A08ADDF29C8D6CD005947D2 /* KakaoSignInUseCase.swift */,
				6A24F84B29CB6DC60000FD64 /* GoogleSignInUseCase.swift */,
				6A24F85329CB7ED10000FD64 /* CreateMonthlyCalendarUseCase.swift */,
				6A24F85D29CB87D70000FD64 /* FetchTodoListUseCase.swift */,
				6A24F86529CC84150000FD64 /* DateFormatYYYYMMUseCase.swift */,
				6A24F90D29D223D90000FD64 /* CreateDailyCalendarUseCase.swift */,
			);
			path = Interface;
			sourceTree = "<group>";
		};
		6A24F82429CB44780000FD64 /* TodoScene */ = {
			isa = PBXGroup;
			children = (
				6A24F91729D22CFC0000FD64 /* View */,
				6A24F90429D2100C0000FD64 /* ViewModel */,
				6A24F90329D210060000FD64 /* ViewController */,
				6A24F82F29CB45090000FD64 /* Coordinator */,
			);
			path = TodoScene;
			sourceTree = "<group>";
		};
		6A24F82529CB44850000FD64 /* SearchScene */ = {
			isa = PBXGroup;
			children = (
				6A24F82A29CB44BD0000FD64 /* Coordinator */,
				6A24F82929CB44B60000FD64 /* ViewController */,
				6A24F82829CB44AF0000FD64 /* ViewModel */,
				6A24F82729CB44A90000FD64 /* View */,
			);
			path = SearchScene;
			sourceTree = "<group>";
		};
		6A24F82629CB44940000FD64 /* GroupScene */ = {
			isa = PBXGroup;
			children = (
				6A24F82E29CB44DA0000FD64 /* ViewModel */,
				6A24F82D29CB44D40000FD64 /* View */,
				6A24F82C29CB44CD0000FD64 /* ViewController */,
				6A24F82B29CB44C40000FD64 /* Coordinator */,
			);
			path = GroupScene;
			sourceTree = "<group>";
		};
		6A24F82729CB44A90000FD64 /* View */ = {
			isa = PBXGroup;
			children = (
			);
			path = View;
			sourceTree = "<group>";
		};
		6A24F82829CB44AF0000FD64 /* ViewModel */ = {
			isa = PBXGroup;
			children = (
			);
			path = ViewModel;
			sourceTree = "<group>";
		};
		6A24F82929CB44B60000FD64 /* ViewController */ = {
			isa = PBXGroup;
			children = (
			);
			path = ViewController;
			sourceTree = "<group>";
		};
		6A24F82A29CB44BD0000FD64 /* Coordinator */ = {
			isa = PBXGroup;
			children = (
				6A24F83329CB45D90000FD64 /* SearchCoordinator.swift */,
			);
			path = Coordinator;
			sourceTree = "<group>";
		};
		6A24F82B29CB44C40000FD64 /* Coordinator */ = {
			isa = PBXGroup;
			children = (
				6A24F83529CB46640000FD64 /* GroupCoordinator.swift */,
			);
			path = Coordinator;
			sourceTree = "<group>";
		};
		6A24F82C29CB44CD0000FD64 /* ViewController */ = {
			isa = PBXGroup;
			children = (
			);
			path = ViewController;
			sourceTree = "<group>";
		};
		6A24F82D29CB44D40000FD64 /* View */ = {
			isa = PBXGroup;
			children = (
			);
			path = View;
			sourceTree = "<group>";
		};
		6A24F82E29CB44DA0000FD64 /* ViewModel */ = {
			isa = PBXGroup;
			children = (
			);
			path = ViewModel;
			sourceTree = "<group>";
		};
		6A24F82F29CB45090000FD64 /* Coordinator */ = {
			isa = PBXGroup;
			children = (
				6A24F83029CB45170000FD64 /* TodoCoordinator.swift */,
			);
			path = Coordinator;
			sourceTree = "<group>";
		};
		6A24F88F29CE27260000FD64 /* DataSource */ = {
			isa = PBXGroup;
			children = (
			);
			path = DataSource;
			sourceTree = "<group>";
		};
		6A24F89F29CE3C6F0000FD64 /* Font */ = {
			isa = PBXGroup;
			children = (
				6A24F8AB29CE3F7F0000FD64 /* Pretendard-Black.otf */,
				6A24F8AE29CE3F7F0000FD64 /* Pretendard-Bold.otf */,
				6A24F8B029CE3F7F0000FD64 /* Pretendard-ExtraBold.otf */,
				6A24F8AD29CE3F7F0000FD64 /* Pretendard-ExtraLight.otf */,
				6A24F8AF29CE3F7F0000FD64 /* Pretendard-Light.otf */,
				6A24F8AA29CE3F7F0000FD64 /* Pretendard-Medium.otf */,
				6A24F8A929CE3F7E0000FD64 /* Pretendard-Regular.otf */,
				6A24F8AC29CE3F7F0000FD64 /* Pretendard-SemiBold.otf */,
				6A24F8B129CE3F7F0000FD64 /* Pretendard-Thin.otf */,
			);
			path = Font;
			sourceTree = "<group>";
		};
		6A24F90329D210060000FD64 /* ViewController */ = {
			isa = PBXGroup;
			children = (
				6A24F90F29D226810000FD64 /* TodoMainViewController.swift */,
			);
			path = ViewController;
			sourceTree = "<group>";
		};
		6A24F90429D2100C0000FD64 /* ViewModel */ = {
			isa = PBXGroup;
			children = (
				6A24F90729D210450000FD64 /* TodoMainViewModel.swift */,
			);
			path = ViewModel;
			sourceTree = "<group>";
		};
		6A24F91729D22CFC0000FD64 /* View */ = {
			isa = PBXGroup;
			children = (
				6A24F91829D22D080000FD64 /* TodoDailyCollectionView.swift */,
				6A24F91A29D22D5B0000FD64 /* BigTodoCell.swift */,
				6A24F91C29D22D8B0000FD64 /* TodoSectionBackgroundDecorationView.swift */,
				6A24F91E29D22DAD0000FD64 /* TodoSectionHeaderSupplementaryView.swift */,
				6A24F92029D22EC10000FD64 /* TodoDailyCalendarCell.swift */,
			);
			path = View;
			sourceTree = "<group>";
		};
		6A483DA829CA22D4003375BF /* Entity */ = {
			isa = PBXGroup;
			children = (
				6A24F83929CB49BD0000FD64 /* DayViewModel.swift */,
				6A24F83B29CB49F10000FD64 /* WeekDay.swift */,
				6A24F83D29CB4A440000FD64 /* Todo.swift */,
				6A24F83F29CB4A5C0000FD64 /* TodoType.swift */,
				6A24F84129CB4A8B0000FD64 /* ContinuousDay.swift */,
				6A24F84329CB4AAE0000FD64 /* TodoCategoryColor.swift */,
				6A24F84529CB4AED0000FD64 /* MonthStateOfDay.swift */,
				6A24F90B29D223960000FD64 /* DetailDayViewModel.swift */,
			);
			path = Entity;
			sourceTree = "<group>";
		};
		6A9A07C129D3D7B00051AD43 /* AddTodoScene */ = {
			isa = PBXGroup;
			children = (
				6A9A07D529D3DC5A0051AD43 /* DayPickerViewController */,
				6A9A07C429D3D7C50051AD43 /* ViewModel */,
				6A9A07C329D3D7BE0051AD43 /* ViewController */,
				6A9A07C229D3D7B90051AD43 /* View */,
				6A9A07C729D3D83B0051AD43 /* AddTodoControllerPageType.swift */,
			);
			path = AddTodoScene;
			sourceTree = "<group>";
		};
		6A9A07C229D3D7B90051AD43 /* View */ = {
			isa = PBXGroup;
			children = (
				6A9A07C929D3D87A0051AD43 /* AddTodoView.swift */,
				6A9A07CB29D3D8B60051AD43 /* CategorySelectView.swift */,
				6A9A07CD29D3D9140051AD43 /* CategorySelectCell.swift */,
				6A9A07CF29D3D9C70051AD43 /* CategoryCreateView.swift */,
				6A9A07D129D3DA040051AD43 /* CategoryCreateCell.swift */,
			);
			path = View;
			sourceTree = "<group>";
		};
		6A9A07C329D3D7BE0051AD43 /* ViewController */ = {
			isa = PBXGroup;
			children = (
				6A24F92229D254630000FD64 /* AddTodoViewController.swift */,
				6A9A07D329D3DC350051AD43 /* DaySelectViewController.swift */,
			);
			path = ViewController;
			sourceTree = "<group>";
		};
		6A9A07C429D3D7C50051AD43 /* ViewModel */ = {
			isa = PBXGroup;
			children = (
				6A24F92429D276C50000FD64 /* AddTodoViewModel.swift */,
			);
			path = ViewModel;
			sourceTree = "<group>";
		};
		6A9A07D529D3DC5A0051AD43 /* DayPickerViewController */ = {
			isa = PBXGroup;
			children = (
				6A9A07D629D3DC7F0051AD43 /* DayPickerViewController.swift */,
				6A9A07D829D3DCB70051AD43 /* DayPickerView.swift */,
				6A9A07DA29D3DCE20051AD43 /* DayPickerCollectionView.swift */,
				6A9A07DC29D3DD070051AD43 /* DayPickerCollectionViewCell.swift */,
			);
			path = DayPickerViewController;
			sourceTree = "<group>";
		};
		974AE7300BB25B96DF1DF093 /* Pods */ = {
			isa = PBXGroup;
			children = (
				C4C3A139F593A7D7746756FA /* Pods-Planus.debug.xcconfig */,
				B315EC64424BFD60FF1CB8AE /* Pods-Planus.release.xcconfig */,
			);
			path = Pods;
			sourceTree = "<group>";
		};
/* End PBXGroup section */

/* Begin PBXNativeTarget section */
		6A08AD4C29C87C61005947D2 /* Planus */ = {
			isa = PBXNativeTarget;
			buildConfigurationList = 6A08AD6129C87C64005947D2 /* Build configuration list for PBXNativeTarget "Planus" */;
			buildPhases = (
				489120B1ABF1689CB399D45D /* [CP] Check Pods Manifest.lock */,
				6A08AD4929C87C61005947D2 /* Sources */,
				6A08AD4A29C87C61005947D2 /* Frameworks */,
				6A08AD4B29C87C61005947D2 /* Resources */,
				9B492F437B6626796E601360 /* [CP] Embed Pods Frameworks */,
			);
			buildRules = (
			);
			dependencies = (
			);
			name = Planus;
			productName = Planus;
			productReference = 6A08AD4D29C87C61005947D2 /* Planus.app */;
			productType = "com.apple.product-type.application";
		};
/* End PBXNativeTarget section */

/* Begin PBXProject section */
		6A08AD4529C87C61005947D2 /* Project object */ = {
			isa = PBXProject;
			attributes = {
				BuildIndependentTargetsInParallel = 1;
				LastSwiftUpdateCheck = 1420;
				LastUpgradeCheck = 1420;
				TargetAttributes = {
					6A08AD4C29C87C61005947D2 = {
						CreatedOnToolsVersion = 14.2;
					};
				};
			};
			buildConfigurationList = 6A08AD4829C87C61005947D2 /* Build configuration list for PBXProject "Planus" */;
			compatibilityVersion = "Xcode 14.0";
			developmentRegion = en;
			hasScannedForEncodings = 0;
			knownRegions = (
				en,
				Base,
			);
			mainGroup = 6A08AD4429C87C61005947D2;
			productRefGroup = 6A08AD4E29C87C61005947D2 /* Products */;
			projectDirPath = "";
			projectRoot = "";
			targets = (
				6A08AD4C29C87C61005947D2 /* Planus */,
			);
		};
/* End PBXProject section */

/* Begin PBXResourcesBuildPhase section */
		6A08AD4B29C87C61005947D2 /* Resources */ = {
			isa = PBXResourcesBuildPhase;
			buildActionMask = 2147483647;
			files = (
				6A08AD8C29C892E0005947D2 /* search-sm.png in Resources */,
				6A24F8B729CE3F800000FD64 /* Pretendard-Bold.otf in Resources */,
				6A08ADB829C8A2B0005947D2 /* logo@2x.png in Resources */,
				6A0BF76A29D35D47006F2604 /* remove_swipe@3x.png in Resources */,
				6A24F8B429CE3F800000FD64 /* Pretendard-Black.otf in Resources */,
				6A24F8E729D1D4A40000FD64 /* list@2x.png in Resources */,
				6A9A07B229D3C7E70051AD43 /* arrow_white@2x.png in Resources */,
				6A9A07B429D3C7E70051AD43 /* arrow_white.png in Resources */,
				6A9A07BA29D3C7F10051AD43 /* arrow_dark@2x.png in Resources */,
				6A08AD8B29C892E0005947D2 /* check-done-01@2x.png in Resources */,
				6A0BF76029D2C25B006F2604 /* edit@3x.png in Resources */,
				6A24F8B829CE3F800000FD64 /* Pretendard-Light.otf in Resources */,
				6A24F8B629CE3F800000FD64 /* Pretendard-ExtraLight.otf in Resources */,
				6A24F8F929D1D6470000FD64 /* chevron-left.png in Resources */,
				6A0BF76429D35D2C006F2604 /* edit_swipe.png in Resources */,
				6A24F8EC29D1D4A40000FD64 /* user-circle@3x.png in Resources */,
				6A08AD8829C892E0005947D2 /* search-sm@3x.png in Resources */,
				6A08AD8D29C892E0005947D2 /* users-02@2x.png in Resources */,
				6A08AD8629C892E0005947D2 /* check-done-01@3x.png in Resources */,
				6A24F8F729D1D6470000FD64 /* chevron-left@3x.png in Resources */,
				6A08ADAB29C89DEE005947D2 /* kakaoBtn@2x.png in Resources */,
				6A9A07B329D3C7E70051AD43 /* arrow_white@3x.png in Resources */,
				6A24F8B329CE3F800000FD64 /* Pretendard-Medium.otf in Resources */,
				6A24F8B929CE3F800000FD64 /* Pretendard-ExtraBold.otf in Resources */,
				6A0BF75929D2BE0C006F2604 /* Icon@3x.png in Resources */,
				6A08ADAF29C89DEE005947D2 /* appleBtn@2x.png in Resources */,
				6A0BF75A29D2BE0C006F2604 /* Icon@2x.png in Resources */,
				6A08AD8929C892E0005947D2 /* calendar-date@2x.png in Resources */,
				6A24F8E929D1D4A40000FD64 /* user-circle.png in Resources */,
				6A0BF76529D35D2C006F2604 /* edit_swipe@2x.png in Resources */,
				6A9A07BF29D3D52B0051AD43 /* categoryCheck@3x.png in Resources */,
				6A08ADA829C89DEE005947D2 /* appleBtn.png in Resources */,
				6A24F8EA29D1D4A40000FD64 /* user-circle@2x.png in Resources */,
				6A24F8BA29CE3F800000FD64 /* Pretendard-Thin.otf in Resources */,
				6A08AD8729C892E0005947D2 /* calendar-date.png in Resources */,
				6A08AD8529C892E0005947D2 /* search-sm@2x.png in Resources */,
				6A08AD8229C892E0005947D2 /* users-02@3x.png in Resources */,
				6A24F8B229CE3F800000FD64 /* Pretendard-Regular.otf in Resources */,
				6A0BF75F29D2C25B006F2604 /* edit.png in Resources */,
				6A08ADAD29C89DEE005947D2 /* appleBtn@3x.png in Resources */,
				6A08AD5D29C87C63005947D2 /* LaunchScreen.storyboard in Resources */,
				6A24F8F829D1D6470000FD64 /* chevron-right@3x.png in Resources */,
				6A0BF76629D35D2C006F2604 /* edit_swipe@3x.png in Resources */,
				6A08AD8A29C892E0005947D2 /* users-02.png in Resources */,
				6A9A07B829D3C7F10051AD43 /* arrow_dark@3x.png in Resources */,
				6A0BF75E29D2C25B006F2604 /* edit@2x.png in Resources */,
				6A0BF76C29D35D47006F2604 /* remove_swipe@2x.png in Resources */,
				6A9A07B929D3C7F10051AD43 /* arrow_dark.png in Resources */,
				6A08ADB929C8A2B0005947D2 /* logo.png in Resources */,
				6A08AD8429C892E0005947D2 /* calendar-date@3x.png in Resources */,
				6A08ADAA29C89DEE005947D2 /* kakaoBtn@3x.png in Resources */,
				6A08ADB029C89DEE005947D2 /* googleBtn@2x.png in Resources */,
				6A0BF76B29D35D47006F2604 /* remove_swipe.png in Resources */,
				6A24F8EB29D1D4A40000FD64 /* list.png in Resources */,
				6A0BF75829D2BE0C006F2604 /* Icon.png in Resources */,
				6A08ADBA29C8A2B0005947D2 /* logo@3x.png in Resources */,
				6A08ADAE29C89DEE005947D2 /* googleBtn.png in Resources */,
				6A08AD5A29C87C63005947D2 /* Assets.xcassets in Resources */,
				6A24F8FC29D1D6470000FD64 /* chevron-right@2x.png in Resources */,
				6A08AD8329C892E0005947D2 /* check-done-01.png in Resources */,
				6A24F8E829D1D4A40000FD64 /* list@3x.png in Resources */,
				6A9A07BE29D3D52B0051AD43 /* categoryCheck.png in Resources */,
				6A24F8FA29D1D6470000FD64 /* chevron-right.png in Resources */,
				6A24F8B529CE3F800000FD64 /* Pretendard-SemiBold.otf in Resources */,
				6A24F8FB29D1D6470000FD64 /* chevron-left@2x.png in Resources */,
				6A9A07C029D3D52B0051AD43 /* categoryCheck@2x.png in Resources */,
				6A08ADAC29C89DEE005947D2 /* kakaoBtn.png in Resources */,
				6A08ADA929C89DEE005947D2 /* googleBtn@3x.png in Resources */,
			);
			runOnlyForDeploymentPostprocessing = 0;
		};
/* End PBXResourcesBuildPhase section */

/* Begin PBXShellScriptBuildPhase section */
		489120B1ABF1689CB399D45D /* [CP] Check Pods Manifest.lock */ = {
			isa = PBXShellScriptBuildPhase;
			buildActionMask = 2147483647;
			files = (
			);
			inputFileListPaths = (
			);
			inputPaths = (
				"${PODS_PODFILE_DIR_PATH}/Podfile.lock",
				"${PODS_ROOT}/Manifest.lock",
			);
			name = "[CP] Check Pods Manifest.lock";
			outputFileListPaths = (
			);
			outputPaths = (
				"$(DERIVED_FILE_DIR)/Pods-Planus-checkManifestLockResult.txt",
			);
			runOnlyForDeploymentPostprocessing = 0;
			shellPath = /bin/sh;
			shellScript = "diff \"${PODS_PODFILE_DIR_PATH}/Podfile.lock\" \"${PODS_ROOT}/Manifest.lock\" > /dev/null\nif [ $? != 0 ] ; then\n    # print error to STDERR\n    echo \"error: The sandbox is not in sync with the Podfile.lock. Run 'pod install' or update your CocoaPods installation.\" >&2\n    exit 1\nfi\n# This output is used by Xcode 'outputs' to avoid re-running this script phase.\necho \"SUCCESS\" > \"${SCRIPT_OUTPUT_FILE_0}\"\n";
			showEnvVarsInLog = 0;
		};
		9B492F437B6626796E601360 /* [CP] Embed Pods Frameworks */ = {
			isa = PBXShellScriptBuildPhase;
			buildActionMask = 2147483647;
			files = (
			);
			inputFileListPaths = (
				"${PODS_ROOT}/Target Support Files/Pods-Planus/Pods-Planus-frameworks-${CONFIGURATION}-input-files.xcfilelist",
			);
			name = "[CP] Embed Pods Frameworks";
			outputFileListPaths = (
				"${PODS_ROOT}/Target Support Files/Pods-Planus/Pods-Planus-frameworks-${CONFIGURATION}-output-files.xcfilelist",
			);
			runOnlyForDeploymentPostprocessing = 0;
			shellPath = /bin/sh;
			shellScript = "\"${PODS_ROOT}/Target Support Files/Pods-Planus/Pods-Planus-frameworks.sh\"\n";
			showEnvVarsInLog = 0;
		};
/* End PBXShellScriptBuildPhase section */

/* Begin PBXSourcesBuildPhase section */
		6A08AD4929C87C61005947D2 /* Sources */ = {
			isa = PBXSourcesBuildPhase;
			buildActionMask = 2147483647;
			files = (
				6A24F84429CB4AAE0000FD64 /* TodoCategoryColor.swift in Sources */,
				6A9A07CE29D3D9140051AD43 /* CategorySelectCell.swift in Sources */,
				6A24F92129D22EC10000FD64 /* TodoDailyCalendarCell.swift in Sources */,
				6A9A07D729D3DC7F0051AD43 /* DayPickerViewController.swift in Sources */,
				6A08ADCC29C8C20E005947D2 /* APIRequestType.swift in Sources */,
				6A24F85629CB7EF90000FD64 /* DefaultCreateMonthlyCalendarUseCase.swift in Sources */,
				6A24F90829D210450000FD64 /* TodoMainViewModel.swift in Sources */,
				6A08ADCA29C8C1F3005947D2 /* APIEndPoint.swift in Sources */,
				6A24F84229CB4A8B0000FD64 /* ContinuousDay.swift in Sources */,
				6A24F86029CB8A6B0000FD64 /* DefaultTodoRepository.swift in Sources */,
				6A24F83629CB46640000FD64 /* GroupCoordinator.swift in Sources */,
				6A24F84629CB4AED0000FD64 /* MonthStateOfDay.swift in Sources */,
				6A24F82329CB43FE0000FD64 /* HomeCalendarCoordinator.swift in Sources */,
				6A9A07D929D3DCB70051AD43 /* DayPickerView.swift in Sources */,
				6A08AD6E29C88969005947D2 /* Coordinator.swift in Sources */,
				6A24F91F29D22DAD0000FD64 /* TodoSectionHeaderSupplementaryView.swift in Sources */,
				6A08ADCF29C8C231005947D2 /* APIProvider.swift in Sources */,
				6A08AD7429C89143005947D2 /* MainTabCoordinator.swift in Sources */,
				6A24F88C29CE26540000FD64 /* HomeCalendarViewController.swift in Sources */,
				6A9A07CC29D3D8B60051AD43 /* CategorySelectView.swift in Sources */,
				6A24F92329D254630000FD64 /* AddTodoViewController.swift in Sources */,
				6A24F85229CB7C400000FD64 /* HomeCalendarViewModel.swift in Sources */,
				6A24F89E29CE29F50000FD64 /* TodoCategory+Ext.swift in Sources */,
				6A24F89529CE285F0000FD64 /* MonthlyCalendarCell.swift in Sources */,
				6A08AD5529C87C61005947D2 /* ViewController.swift in Sources */,
				6A24F85A29CB873B0000FD64 /* DefaultFetchTodoListUseCase.swift in Sources */,
				6A08ADD929C8D096005947D2 /* DefaultSocialAuthRepository.swift in Sources */,
				6A24F86229CC5C400000FD64 /* TodoRepository.swift in Sources */,
				6A08ADD129C8C256005947D2 /* NetworkManager.swift in Sources */,
				6A24F89B29CE299A0000FD64 /* SmallTodoView.swift in Sources */,
				6A483DAC29CA23D9003375BF /* RedirectionalWebViewModel.swift in Sources */,
				6A24F91B29D22D5B0000FD64 /* BigTodoCell.swift in Sources */,
				6A08ADD629C8D048005947D2 /* DefaultKakaoSignInUseCase.swift in Sources */,
				6A9A07C829D3D83B0051AD43 /* AddTodoControllerPageType.swift in Sources */,
				6A24F8BC29CE50DC0000FD64 /* ScrollDirection.swift in Sources */,
				6A08AD7029C889D6005947D2 /* AppCoordinator.swift in Sources */,
				6A24F83A29CB49BD0000FD64 /* DayViewModel.swift in Sources */,
				6A24F8F029D1D5F80000FD64 /* MonthPickerViewCell.swift in Sources */,
				6A08ADB429C8A064005947D2 /* SignInCoordinator.swift in Sources */,
				6A24F86629CC84150000FD64 /* DateFormatYYYYMMUseCase.swift in Sources */,
				6A24F84C29CB6DC60000FD64 /* GoogleSignInUseCase.swift in Sources */,
				6A9A07DD29D3DD070051AD43 /* DayPickerCollectionViewCell.swift in Sources */,
				6A9A07DB29D3DCE20051AD43 /* DayPickerCollectionView.swift in Sources */,
				6A08ADD329C8C26F005947D2 /* NetworkError.swift in Sources */,
				6A08AD9E29C89D93005947D2 /* SignInViewController.swift in Sources */,
				6A483DAA29CA238B003375BF /* RedirectionalWebViewController.swift in Sources */,
				6A24F85429CB7ED10000FD64 /* CreateMonthlyCalendarUseCase.swift in Sources */,
				6A24F90E29D223D90000FD64 /* CreateDailyCalendarUseCase.swift in Sources */,
				6A24F90C29D223960000FD64 /* DetailDayViewModel.swift in Sources */,
				6A9A07D029D3D9C70051AD43 /* CategoryCreateView.swift in Sources */,
				6A24F92529D276C50000FD64 /* AddTodoViewModel.swift in Sources */,
				6A9A07CA29D3D87A0051AD43 /* AddTodoView.swift in Sources */,
				6A24F92729D276FA0000FD64 /* SmallCalendarDayViewModel.swift in Sources */,
				6A24F83E29CB4A440000FD64 /* Todo.swift in Sources */,
				6A24F8BE29CE65F30000FD64 /* MonthlyCalendarCellDelegate.swift in Sources */,
				6A08ADB229C89E77005947D2 /* SignInViewModel.swift in Sources */,
				6A08AD5129C87C61005947D2 /* AppDelegate.swift in Sources */,
				6A24F8FE29D1E20E0000FD64 /* MonthPickerViewModel.swift in Sources */,
				6A24F83129CB45170000FD64 /* TodoCoordinator.swift in Sources */,
				6A24F91D29D22D8B0000FD64 /* TodoSectionBackgroundDecorationView.swift in Sources */,
				6A24F84E29CB6DE60000FD64 /* DefaultGoogleSignInUseCase.swift in Sources */,
				6A9A07D229D3DA040051AD43 /* CategoryCreateCell.swift in Sources */,
				6A24F91029D226810000FD64 /* TodoMainViewController.swift in Sources */,
				6A483DAE29CA42F5003375BF /* AuthURL.swift in Sources */,
				6A24F86429CC83890000FD64 /* DefaultDateFormatYYYYMMUseCase.swift in Sources */,
				6A24F91929D22D080000FD64 /* TodoDailyCollectionView.swift in Sources */,
				6A24F83C29CB49F10000FD64 /* WeekDay.swift in Sources */,
				6A9A07D429D3DC350051AD43 /* DaySelectViewController.swift in Sources */,
				6A24F8EE29D1D5510000FD64 /* MonthPickerViewController.swift in Sources */,
				6A08ADE029C8D6CD005947D2 /* KakaoSignInUseCase.swift in Sources */,
				6A24F83429CB45D90000FD64 /* SearchCoordinator.swift in Sources */,
				6A24F85E29CB87D70000FD64 /* FetchTodoListUseCase.swift in Sources */,
				6A24F85029CB77830000FD64 /* Calendar+Ext.swift in Sources */,
				6A24F84029CB4A5C0000FD64 /* TodoType.swift in Sources */,
				6A08AD9029C89761005947D2 /* UIColor+Ext.swift in Sources */,
				6A24F90A29D220690000FD64 /* DefaultCreateDailyCalendarUseCase.swift in Sources */,
				6A08ADDD29C8D5C0005947D2 /* SocialAuthRepository.swift in Sources */,
				6A08AD5329C87C61005947D2 /* SceneDelegate.swift in Sources */,
				6A24F89929CE29330000FD64 /* DailyCalendarCell.swift in Sources */,
			);
			runOnlyForDeploymentPostprocessing = 0;
		};
/* End PBXSourcesBuildPhase section */

/* Begin PBXVariantGroup section */
		6A08AD5B29C87C63005947D2 /* LaunchScreen.storyboard */ = {
			isa = PBXVariantGroup;
			children = (
				6A08AD5C29C87C63005947D2 /* Base */,
			);
			name = LaunchScreen.storyboard;
			sourceTree = "<group>";
		};
/* End PBXVariantGroup section */

/* Begin XCBuildConfiguration section */
		6A08AD5F29C87C64005947D2 /* Debug */ = {
			isa = XCBuildConfiguration;
			buildSettings = {
				ALWAYS_SEARCH_USER_PATHS = NO;
				CLANG_ANALYZER_NONNULL = YES;
				CLANG_ANALYZER_NUMBER_OBJECT_CONVERSION = YES_AGGRESSIVE;
				CLANG_CXX_LANGUAGE_STANDARD = "gnu++20";
				CLANG_ENABLE_MODULES = YES;
				CLANG_ENABLE_OBJC_ARC = YES;
				CLANG_ENABLE_OBJC_WEAK = YES;
				CLANG_WARN_BLOCK_CAPTURE_AUTORELEASING = YES;
				CLANG_WARN_BOOL_CONVERSION = YES;
				CLANG_WARN_COMMA = YES;
				CLANG_WARN_CONSTANT_CONVERSION = YES;
				CLANG_WARN_DEPRECATED_OBJC_IMPLEMENTATIONS = YES;
				CLANG_WARN_DIRECT_OBJC_ISA_USAGE = YES_ERROR;
				CLANG_WARN_DOCUMENTATION_COMMENTS = YES;
				CLANG_WARN_EMPTY_BODY = YES;
				CLANG_WARN_ENUM_CONVERSION = YES;
				CLANG_WARN_INFINITE_RECURSION = YES;
				CLANG_WARN_INT_CONVERSION = YES;
				CLANG_WARN_NON_LITERAL_NULL_CONVERSION = YES;
				CLANG_WARN_OBJC_IMPLICIT_RETAIN_SELF = YES;
				CLANG_WARN_OBJC_LITERAL_CONVERSION = YES;
				CLANG_WARN_OBJC_ROOT_CLASS = YES_ERROR;
				CLANG_WARN_QUOTED_INCLUDE_IN_FRAMEWORK_HEADER = YES;
				CLANG_WARN_RANGE_LOOP_ANALYSIS = YES;
				CLANG_WARN_STRICT_PROTOTYPES = YES;
				CLANG_WARN_SUSPICIOUS_MOVE = YES;
				CLANG_WARN_UNGUARDED_AVAILABILITY = YES_AGGRESSIVE;
				CLANG_WARN_UNREACHABLE_CODE = YES;
				CLANG_WARN__DUPLICATE_METHOD_MATCH = YES;
				COPY_PHASE_STRIP = NO;
				DEBUG_INFORMATION_FORMAT = dwarf;
				ENABLE_STRICT_OBJC_MSGSEND = YES;
				ENABLE_TESTABILITY = YES;
				GCC_C_LANGUAGE_STANDARD = gnu11;
				GCC_DYNAMIC_NO_PIC = NO;
				GCC_NO_COMMON_BLOCKS = YES;
				GCC_OPTIMIZATION_LEVEL = 0;
				GCC_PREPROCESSOR_DEFINITIONS = (
					"DEBUG=1",
					"$(inherited)",
				);
				GCC_WARN_64_TO_32_BIT_CONVERSION = YES;
				GCC_WARN_ABOUT_RETURN_TYPE = YES_ERROR;
				GCC_WARN_UNDECLARED_SELECTOR = YES;
				GCC_WARN_UNINITIALIZED_AUTOS = YES_AGGRESSIVE;
				GCC_WARN_UNUSED_FUNCTION = YES;
				GCC_WARN_UNUSED_VARIABLE = YES;
				IPHONEOS_DEPLOYMENT_TARGET = 16.2;
				MTL_ENABLE_DEBUG_INFO = INCLUDE_SOURCE;
				MTL_FAST_MATH = YES;
				ONLY_ACTIVE_ARCH = YES;
				SDKROOT = iphoneos;
				SWIFT_ACTIVE_COMPILATION_CONDITIONS = DEBUG;
				SWIFT_OPTIMIZATION_LEVEL = "-Onone";
			};
			name = Debug;
		};
		6A08AD6029C87C64005947D2 /* Release */ = {
			isa = XCBuildConfiguration;
			buildSettings = {
				ALWAYS_SEARCH_USER_PATHS = NO;
				CLANG_ANALYZER_NONNULL = YES;
				CLANG_ANALYZER_NUMBER_OBJECT_CONVERSION = YES_AGGRESSIVE;
				CLANG_CXX_LANGUAGE_STANDARD = "gnu++20";
				CLANG_ENABLE_MODULES = YES;
				CLANG_ENABLE_OBJC_ARC = YES;
				CLANG_ENABLE_OBJC_WEAK = YES;
				CLANG_WARN_BLOCK_CAPTURE_AUTORELEASING = YES;
				CLANG_WARN_BOOL_CONVERSION = YES;
				CLANG_WARN_COMMA = YES;
				CLANG_WARN_CONSTANT_CONVERSION = YES;
				CLANG_WARN_DEPRECATED_OBJC_IMPLEMENTATIONS = YES;
				CLANG_WARN_DIRECT_OBJC_ISA_USAGE = YES_ERROR;
				CLANG_WARN_DOCUMENTATION_COMMENTS = YES;
				CLANG_WARN_EMPTY_BODY = YES;
				CLANG_WARN_ENUM_CONVERSION = YES;
				CLANG_WARN_INFINITE_RECURSION = YES;
				CLANG_WARN_INT_CONVERSION = YES;
				CLANG_WARN_NON_LITERAL_NULL_CONVERSION = YES;
				CLANG_WARN_OBJC_IMPLICIT_RETAIN_SELF = YES;
				CLANG_WARN_OBJC_LITERAL_CONVERSION = YES;
				CLANG_WARN_OBJC_ROOT_CLASS = YES_ERROR;
				CLANG_WARN_QUOTED_INCLUDE_IN_FRAMEWORK_HEADER = YES;
				CLANG_WARN_RANGE_LOOP_ANALYSIS = YES;
				CLANG_WARN_STRICT_PROTOTYPES = YES;
				CLANG_WARN_SUSPICIOUS_MOVE = YES;
				CLANG_WARN_UNGUARDED_AVAILABILITY = YES_AGGRESSIVE;
				CLANG_WARN_UNREACHABLE_CODE = YES;
				CLANG_WARN__DUPLICATE_METHOD_MATCH = YES;
				COPY_PHASE_STRIP = NO;
				DEBUG_INFORMATION_FORMAT = "dwarf-with-dsym";
				ENABLE_NS_ASSERTIONS = NO;
				ENABLE_STRICT_OBJC_MSGSEND = YES;
				GCC_C_LANGUAGE_STANDARD = gnu11;
				GCC_NO_COMMON_BLOCKS = YES;
				GCC_WARN_64_TO_32_BIT_CONVERSION = YES;
				GCC_WARN_ABOUT_RETURN_TYPE = YES_ERROR;
				GCC_WARN_UNDECLARED_SELECTOR = YES;
				GCC_WARN_UNINITIALIZED_AUTOS = YES_AGGRESSIVE;
				GCC_WARN_UNUSED_FUNCTION = YES;
				GCC_WARN_UNUSED_VARIABLE = YES;
				IPHONEOS_DEPLOYMENT_TARGET = 16.2;
				MTL_ENABLE_DEBUG_INFO = NO;
				MTL_FAST_MATH = YES;
				SDKROOT = iphoneos;
				SWIFT_COMPILATION_MODE = wholemodule;
				SWIFT_OPTIMIZATION_LEVEL = "-O";
				VALIDATE_PRODUCT = YES;
			};
			name = Release;
		};
		6A08AD6229C87C64005947D2 /* Debug */ = {
			isa = XCBuildConfiguration;
			baseConfigurationReference = C4C3A139F593A7D7746756FA /* Pods-Planus.debug.xcconfig */;
			buildSettings = {
				ASSETCATALOG_COMPILER_APPICON_NAME = AppIcon;
				ASSETCATALOG_COMPILER_GLOBAL_ACCENT_COLOR_NAME = AccentColor;
				CODE_SIGN_STYLE = Automatic;
				CURRENT_PROJECT_VERSION = 1;
				DEVELOPMENT_TEAM = QDZ5VUDS9T;
				GENERATE_INFOPLIST_FILE = YES;
				INFOPLIST_FILE = Planus/Info.plist;
				INFOPLIST_KEY_UIApplicationSupportsIndirectInputEvents = YES;
				INFOPLIST_KEY_UILaunchStoryboardName = LaunchScreen;
				INFOPLIST_KEY_UISupportedInterfaceOrientations_iPad = "UIInterfaceOrientationPortrait UIInterfaceOrientationPortraitUpsideDown UIInterfaceOrientationLandscapeLeft UIInterfaceOrientationLandscapeRight";
				INFOPLIST_KEY_UISupportedInterfaceOrientations_iPhone = "UIInterfaceOrientationPortrait UIInterfaceOrientationLandscapeLeft UIInterfaceOrientationLandscapeRight";
				LD_RUNPATH_SEARCH_PATHS = (
					"$(inherited)",
					"@executable_path/Frameworks",
				);
				MARKETING_VERSION = 1.0;
				PRODUCT_BUNDLE_IDENTIFIER = com.SCSY.Planus;
				PRODUCT_NAME = "$(TARGET_NAME)";
				SWIFT_EMIT_LOC_STRINGS = YES;
				SWIFT_VERSION = 5.0;
				TARGETED_DEVICE_FAMILY = "1,2";
			};
			name = Debug;
		};
		6A08AD6329C87C64005947D2 /* Release */ = {
			isa = XCBuildConfiguration;
			baseConfigurationReference = B315EC64424BFD60FF1CB8AE /* Pods-Planus.release.xcconfig */;
			buildSettings = {
				ASSETCATALOG_COMPILER_APPICON_NAME = AppIcon;
				ASSETCATALOG_COMPILER_GLOBAL_ACCENT_COLOR_NAME = AccentColor;
				CODE_SIGN_ENTITLEMENTS = Planus/PlanusRelease.entitlements;
				CODE_SIGN_STYLE = Automatic;
				CURRENT_PROJECT_VERSION = 1;
				DEVELOPMENT_TEAM = QDZ5VUDS9T;
				GENERATE_INFOPLIST_FILE = YES;
				INFOPLIST_FILE = Planus/Info.plist;
				INFOPLIST_KEY_UIApplicationSupportsIndirectInputEvents = YES;
				INFOPLIST_KEY_UILaunchStoryboardName = LaunchScreen;
				INFOPLIST_KEY_UISupportedInterfaceOrientations_iPad = "UIInterfaceOrientationPortrait UIInterfaceOrientationPortraitUpsideDown UIInterfaceOrientationLandscapeLeft UIInterfaceOrientationLandscapeRight";
				INFOPLIST_KEY_UISupportedInterfaceOrientations_iPhone = "UIInterfaceOrientationPortrait UIInterfaceOrientationLandscapeLeft UIInterfaceOrientationLandscapeRight";
				LD_RUNPATH_SEARCH_PATHS = (
					"$(inherited)",
					"@executable_path/Frameworks",
				);
				MARKETING_VERSION = 1.0;
				PRODUCT_BUNDLE_IDENTIFIER = com.SCSY.Planus;
				PRODUCT_NAME = "$(TARGET_NAME)";
				SWIFT_EMIT_LOC_STRINGS = YES;
				SWIFT_VERSION = 5.0;
				TARGETED_DEVICE_FAMILY = "1,2";
			};
			name = Release;
		};
/* End XCBuildConfiguration section */

/* Begin XCConfigurationList section */
		6A08AD4829C87C61005947D2 /* Build configuration list for PBXProject "Planus" */ = {
			isa = XCConfigurationList;
			buildConfigurations = (
				6A08AD5F29C87C64005947D2 /* Debug */,
				6A08AD6029C87C64005947D2 /* Release */,
			);
			defaultConfigurationIsVisible = 0;
			defaultConfigurationName = Release;
		};
		6A08AD6129C87C64005947D2 /* Build configuration list for PBXNativeTarget "Planus" */ = {
			isa = XCConfigurationList;
			buildConfigurations = (
				6A08AD6229C87C64005947D2 /* Debug */,
				6A08AD6329C87C64005947D2 /* Release */,
			);
			defaultConfigurationIsVisible = 0;
			defaultConfigurationName = Release;
		};
/* End XCConfigurationList section */
	};
	rootObject = 6A08AD4529C87C61005947D2 /* Project object */;
}
