// !$*UTF8*$!
{
	archiveVersion = 1;
	classes = {
	};
	objectVersion = 56;
	objects = {

/* Begin PBXBuildFile section */
		3006B02F8652D957CA7F0742 /* Pods_Planus.framework in Frameworks */ = {isa = PBXBuildFile; fileRef = 3E5BFF2B1F73A7F82D6704DC /* Pods_Planus.framework */; };
		6A08AD5129C87C61005947D2 /* AppDelegate.swift in Sources */ = {isa = PBXBuildFile; fileRef = 6A08AD5029C87C61005947D2 /* AppDelegate.swift */; };
		6A08AD5329C87C61005947D2 /* SceneDelegate.swift in Sources */ = {isa = PBXBuildFile; fileRef = 6A08AD5229C87C61005947D2 /* SceneDelegate.swift */; };
		6A08AD5529C87C61005947D2 /* ViewController.swift in Sources */ = {isa = PBXBuildFile; fileRef = 6A08AD5429C87C61005947D2 /* ViewController.swift */; };
		6A08AD5A29C87C63005947D2 /* Assets.xcassets in Resources */ = {isa = PBXBuildFile; fileRef = 6A08AD5929C87C63005947D2 /* Assets.xcassets */; };
		6A08AD5D29C87C63005947D2 /* LaunchScreen.storyboard in Resources */ = {isa = PBXBuildFile; fileRef = 6A08AD5B29C87C63005947D2 /* LaunchScreen.storyboard */; };
		6A08AD6E29C88969005947D2 /* Coordinator.swift in Sources */ = {isa = PBXBuildFile; fileRef = 6A08AD6D29C88969005947D2 /* Coordinator.swift */; };
		6A08AD7029C889D6005947D2 /* AppCoordinator.swift in Sources */ = {isa = PBXBuildFile; fileRef = 6A08AD6F29C889D5005947D2 /* AppCoordinator.swift */; };
		6A08AD7429C89143005947D2 /* MainTabCoordinator.swift in Sources */ = {isa = PBXBuildFile; fileRef = 6A08AD7329C89143005947D2 /* MainTabCoordinator.swift */; };
		6A08AD8229C892E0005947D2 /* users-02@3x.png in Resources */ = {isa = PBXBuildFile; fileRef = 6A08AD7629C892DF005947D2 /* users-02@3x.png */; };
		6A08AD8329C892E0005947D2 /* check-done-01.png in Resources */ = {isa = PBXBuildFile; fileRef = 6A08AD7729C892DF005947D2 /* check-done-01.png */; };
		6A08AD8429C892E0005947D2 /* calendar-date@3x.png in Resources */ = {isa = PBXBuildFile; fileRef = 6A08AD7829C892DF005947D2 /* calendar-date@3x.png */; };
		6A08AD8529C892E0005947D2 /* search-sm@2x.png in Resources */ = {isa = PBXBuildFile; fileRef = 6A08AD7929C892E0005947D2 /* search-sm@2x.png */; };
		6A08AD8629C892E0005947D2 /* check-done-01@3x.png in Resources */ = {isa = PBXBuildFile; fileRef = 6A08AD7A29C892E0005947D2 /* check-done-01@3x.png */; };
		6A08AD8729C892E0005947D2 /* calendar-date.png in Resources */ = {isa = PBXBuildFile; fileRef = 6A08AD7B29C892E0005947D2 /* calendar-date.png */; };
		6A08AD8829C892E0005947D2 /* search-sm@3x.png in Resources */ = {isa = PBXBuildFile; fileRef = 6A08AD7C29C892E0005947D2 /* search-sm@3x.png */; };
		6A08AD8929C892E0005947D2 /* calendar-date@2x.png in Resources */ = {isa = PBXBuildFile; fileRef = 6A08AD7D29C892E0005947D2 /* calendar-date@2x.png */; };
		6A08AD8A29C892E0005947D2 /* users-02.png in Resources */ = {isa = PBXBuildFile; fileRef = 6A08AD7E29C892E0005947D2 /* users-02.png */; };
		6A08AD8B29C892E0005947D2 /* check-done-01@2x.png in Resources */ = {isa = PBXBuildFile; fileRef = 6A08AD7F29C892E0005947D2 /* check-done-01@2x.png */; };
		6A08AD8C29C892E0005947D2 /* search-sm.png in Resources */ = {isa = PBXBuildFile; fileRef = 6A08AD8029C892E0005947D2 /* search-sm.png */; };
		6A08AD8D29C892E0005947D2 /* users-02@2x.png in Resources */ = {isa = PBXBuildFile; fileRef = 6A08AD8129C892E0005947D2 /* users-02@2x.png */; };
		6A08AD9029C89761005947D2 /* UIColor+Ext.swift in Sources */ = {isa = PBXBuildFile; fileRef = 6A08AD8F29C89761005947D2 /* UIColor+Ext.swift */; };
		6A08AD9E29C89D93005947D2 /* SignInViewController.swift in Sources */ = {isa = PBXBuildFile; fileRef = 6A08AD9D29C89D93005947D2 /* SignInViewController.swift */; };
		6A08ADA829C89DEE005947D2 /* appleBtn.png in Resources */ = {isa = PBXBuildFile; fileRef = 6A08AD9F29C89DED005947D2 /* appleBtn.png */; };
		6A08ADA929C89DEE005947D2 /* googleBtn@3x.png in Resources */ = {isa = PBXBuildFile; fileRef = 6A08ADA029C89DED005947D2 /* googleBtn@3x.png */; };
		6A08ADAA29C89DEE005947D2 /* kakaoBtn@3x.png in Resources */ = {isa = PBXBuildFile; fileRef = 6A08ADA129C89DEE005947D2 /* kakaoBtn@3x.png */; };
		6A08ADAB29C89DEE005947D2 /* kakaoBtn@2x.png in Resources */ = {isa = PBXBuildFile; fileRef = 6A08ADA229C89DEE005947D2 /* kakaoBtn@2x.png */; };
		6A08ADAC29C89DEE005947D2 /* kakaoBtn.png in Resources */ = {isa = PBXBuildFile; fileRef = 6A08ADA329C89DEE005947D2 /* kakaoBtn.png */; };
		6A08ADAD29C89DEE005947D2 /* appleBtn@3x.png in Resources */ = {isa = PBXBuildFile; fileRef = 6A08ADA429C89DEE005947D2 /* appleBtn@3x.png */; };
		6A08ADAE29C89DEE005947D2 /* googleBtn.png in Resources */ = {isa = PBXBuildFile; fileRef = 6A08ADA529C89DEE005947D2 /* googleBtn.png */; };
		6A08ADAF29C89DEE005947D2 /* appleBtn@2x.png in Resources */ = {isa = PBXBuildFile; fileRef = 6A08ADA629C89DEE005947D2 /* appleBtn@2x.png */; };
		6A08ADB029C89DEE005947D2 /* googleBtn@2x.png in Resources */ = {isa = PBXBuildFile; fileRef = 6A08ADA729C89DEE005947D2 /* googleBtn@2x.png */; };
		6A08ADB229C89E77005947D2 /* SignInViewModel.swift in Sources */ = {isa = PBXBuildFile; fileRef = 6A08ADB129C89E77005947D2 /* SignInViewModel.swift */; };
		6A08ADB429C8A064005947D2 /* SignInCoordinator.swift in Sources */ = {isa = PBXBuildFile; fileRef = 6A08ADB329C8A064005947D2 /* SignInCoordinator.swift */; };
		6A08ADB829C8A2B0005947D2 /* logo@2x.png in Resources */ = {isa = PBXBuildFile; fileRef = 6A08ADB529C8A2AF005947D2 /* logo@2x.png */; };
		6A08ADB929C8A2B0005947D2 /* logo.png in Resources */ = {isa = PBXBuildFile; fileRef = 6A08ADB629C8A2AF005947D2 /* logo.png */; };
		6A08ADBA29C8A2B0005947D2 /* logo@3x.png in Resources */ = {isa = PBXBuildFile; fileRef = 6A08ADB729C8A2B0005947D2 /* logo@3x.png */; };
		6A08ADCA29C8C1F3005947D2 /* APIEndPoint.swift in Sources */ = {isa = PBXBuildFile; fileRef = 6A08ADC929C8C1F3005947D2 /* APIEndPoint.swift */; };
		6A08ADCC29C8C20E005947D2 /* APIRequestType.swift in Sources */ = {isa = PBXBuildFile; fileRef = 6A08ADCB29C8C20E005947D2 /* APIRequestType.swift */; };
		6A08ADCF29C8C231005947D2 /* APIProvider.swift in Sources */ = {isa = PBXBuildFile; fileRef = 6A08ADCE29C8C231005947D2 /* APIProvider.swift */; };
		6A08ADD129C8C256005947D2 /* NetworkManager.swift in Sources */ = {isa = PBXBuildFile; fileRef = 6A08ADD029C8C256005947D2 /* NetworkManager.swift */; };
		6A08ADD329C8C26F005947D2 /* NetworkError.swift in Sources */ = {isa = PBXBuildFile; fileRef = 6A08ADD229C8C26F005947D2 /* NetworkError.swift */; };
		6A08ADD629C8D048005947D2 /* DefaultKakaoSignInUseCase.swift in Sources */ = {isa = PBXBuildFile; fileRef = 6A08ADD529C8D048005947D2 /* DefaultKakaoSignInUseCase.swift */; };
		6A08ADD929C8D096005947D2 /* DefaultSocialAuthRepository.swift in Sources */ = {isa = PBXBuildFile; fileRef = 6A08ADD829C8D096005947D2 /* DefaultSocialAuthRepository.swift */; };
		6A08ADDD29C8D5C0005947D2 /* SocialAuthRepository.swift in Sources */ = {isa = PBXBuildFile; fileRef = 6A08ADDC29C8D5C0005947D2 /* SocialAuthRepository.swift */; };
		6A08ADE029C8D6CD005947D2 /* KakaoSignInUseCase.swift in Sources */ = {isa = PBXBuildFile; fileRef = 6A08ADDF29C8D6CD005947D2 /* KakaoSignInUseCase.swift */; };
/* End PBXBuildFile section */

/* Begin PBXFileReference section */
		3E5BFF2B1F73A7F82D6704DC /* Pods_Planus.framework */ = {isa = PBXFileReference; explicitFileType = wrapper.framework; includeInIndex = 0; path = Pods_Planus.framework; sourceTree = BUILT_PRODUCTS_DIR; };
		6A08AD4D29C87C61005947D2 /* Planus.app */ = {isa = PBXFileReference; explicitFileType = wrapper.application; includeInIndex = 0; path = Planus.app; sourceTree = BUILT_PRODUCTS_DIR; };
		6A08AD5029C87C61005947D2 /* AppDelegate.swift */ = {isa = PBXFileReference; lastKnownFileType = sourcecode.swift; path = AppDelegate.swift; sourceTree = "<group>"; };
		6A08AD5229C87C61005947D2 /* SceneDelegate.swift */ = {isa = PBXFileReference; lastKnownFileType = sourcecode.swift; path = SceneDelegate.swift; sourceTree = "<group>"; };
		6A08AD5429C87C61005947D2 /* ViewController.swift */ = {isa = PBXFileReference; lastKnownFileType = sourcecode.swift; path = ViewController.swift; sourceTree = "<group>"; };
		6A08AD5929C87C63005947D2 /* Assets.xcassets */ = {isa = PBXFileReference; lastKnownFileType = folder.assetcatalog; path = Assets.xcassets; sourceTree = "<group>"; };
		6A08AD5C29C87C63005947D2 /* Base */ = {isa = PBXFileReference; lastKnownFileType = file.storyboard; name = Base; path = Base.lproj/LaunchScreen.storyboard; sourceTree = "<group>"; };
		6A08AD5E29C87C63005947D2 /* Info.plist */ = {isa = PBXFileReference; lastKnownFileType = text.plist.xml; path = Info.plist; sourceTree = "<group>"; };
		6A08AD6D29C88969005947D2 /* Coordinator.swift */ = {isa = PBXFileReference; lastKnownFileType = sourcecode.swift; path = Coordinator.swift; sourceTree = "<group>"; };
		6A08AD6F29C889D5005947D2 /* AppCoordinator.swift */ = {isa = PBXFileReference; lastKnownFileType = sourcecode.swift; path = AppCoordinator.swift; sourceTree = "<group>"; };
		6A08AD7329C89143005947D2 /* MainTabCoordinator.swift */ = {isa = PBXFileReference; lastKnownFileType = sourcecode.swift; path = MainTabCoordinator.swift; sourceTree = "<group>"; };
		6A08AD7629C892DF005947D2 /* users-02@3x.png */ = {isa = PBXFileReference; lastKnownFileType = image.png; path = "users-02@3x.png"; sourceTree = "<group>"; };
		6A08AD7729C892DF005947D2 /* check-done-01.png */ = {isa = PBXFileReference; lastKnownFileType = image.png; path = "check-done-01.png"; sourceTree = "<group>"; };
		6A08AD7829C892DF005947D2 /* calendar-date@3x.png */ = {isa = PBXFileReference; lastKnownFileType = image.png; path = "calendar-date@3x.png"; sourceTree = "<group>"; };
		6A08AD7929C892E0005947D2 /* search-sm@2x.png */ = {isa = PBXFileReference; lastKnownFileType = image.png; path = "search-sm@2x.png"; sourceTree = "<group>"; };
		6A08AD7A29C892E0005947D2 /* check-done-01@3x.png */ = {isa = PBXFileReference; lastKnownFileType = image.png; path = "check-done-01@3x.png"; sourceTree = "<group>"; };
		6A08AD7B29C892E0005947D2 /* calendar-date.png */ = {isa = PBXFileReference; lastKnownFileType = image.png; path = "calendar-date.png"; sourceTree = "<group>"; };
		6A08AD7C29C892E0005947D2 /* search-sm@3x.png */ = {isa = PBXFileReference; lastKnownFileType = image.png; path = "search-sm@3x.png"; sourceTree = "<group>"; };
		6A08AD7D29C892E0005947D2 /* calendar-date@2x.png */ = {isa = PBXFileReference; lastKnownFileType = image.png; path = "calendar-date@2x.png"; sourceTree = "<group>"; };
		6A08AD7E29C892E0005947D2 /* users-02.png */ = {isa = PBXFileReference; lastKnownFileType = image.png; path = "users-02.png"; sourceTree = "<group>"; };
		6A08AD7F29C892E0005947D2 /* check-done-01@2x.png */ = {isa = PBXFileReference; lastKnownFileType = image.png; path = "check-done-01@2x.png"; sourceTree = "<group>"; };
		6A08AD8029C892E0005947D2 /* search-sm.png */ = {isa = PBXFileReference; lastKnownFileType = image.png; path = "search-sm.png"; sourceTree = "<group>"; };
		6A08AD8129C892E0005947D2 /* users-02@2x.png */ = {isa = PBXFileReference; lastKnownFileType = image.png; path = "users-02@2x.png"; sourceTree = "<group>"; };
		6A08AD8F29C89761005947D2 /* UIColor+Ext.swift */ = {isa = PBXFileReference; lastKnownFileType = sourcecode.swift; path = "UIColor+Ext.swift"; sourceTree = "<group>"; };
		6A08AD9D29C89D93005947D2 /* SignInViewController.swift */ = {isa = PBXFileReference; lastKnownFileType = sourcecode.swift; path = SignInViewController.swift; sourceTree = "<group>"; };
		6A08AD9F29C89DED005947D2 /* appleBtn.png */ = {isa = PBXFileReference; lastKnownFileType = image.png; path = appleBtn.png; sourceTree = "<group>"; };
		6A08ADA029C89DED005947D2 /* googleBtn@3x.png */ = {isa = PBXFileReference; lastKnownFileType = image.png; path = "googleBtn@3x.png"; sourceTree = "<group>"; };
		6A08ADA129C89DEE005947D2 /* kakaoBtn@3x.png */ = {isa = PBXFileReference; lastKnownFileType = image.png; path = "kakaoBtn@3x.png"; sourceTree = "<group>"; };
		6A08ADA229C89DEE005947D2 /* kakaoBtn@2x.png */ = {isa = PBXFileReference; lastKnownFileType = image.png; path = "kakaoBtn@2x.png"; sourceTree = "<group>"; };
		6A08ADA329C89DEE005947D2 /* kakaoBtn.png */ = {isa = PBXFileReference; lastKnownFileType = image.png; path = kakaoBtn.png; sourceTree = "<group>"; };
		6A08ADA429C89DEE005947D2 /* appleBtn@3x.png */ = {isa = PBXFileReference; lastKnownFileType = image.png; path = "appleBtn@3x.png"; sourceTree = "<group>"; };
		6A08ADA529C89DEE005947D2 /* googleBtn.png */ = {isa = PBXFileReference; lastKnownFileType = image.png; path = googleBtn.png; sourceTree = "<group>"; };
		6A08ADA629C89DEE005947D2 /* appleBtn@2x.png */ = {isa = PBXFileReference; lastKnownFileType = image.png; path = "appleBtn@2x.png"; sourceTree = "<group>"; };
		6A08ADA729C89DEE005947D2 /* googleBtn@2x.png */ = {isa = PBXFileReference; lastKnownFileType = image.png; path = "googleBtn@2x.png"; sourceTree = "<group>"; };
		6A08ADB129C89E77005947D2 /* SignInViewModel.swift */ = {isa = PBXFileReference; lastKnownFileType = sourcecode.swift; path = SignInViewModel.swift; sourceTree = "<group>"; };
		6A08ADB329C8A064005947D2 /* SignInCoordinator.swift */ = {isa = PBXFileReference; lastKnownFileType = sourcecode.swift; path = SignInCoordinator.swift; sourceTree = "<group>"; };
		6A08ADB529C8A2AF005947D2 /* logo@2x.png */ = {isa = PBXFileReference; lastKnownFileType = image.png; path = "logo@2x.png"; sourceTree = "<group>"; };
		6A08ADB629C8A2AF005947D2 /* logo.png */ = {isa = PBXFileReference; lastKnownFileType = image.png; path = logo.png; sourceTree = "<group>"; };
		6A08ADB729C8A2B0005947D2 /* logo@3x.png */ = {isa = PBXFileReference; lastKnownFileType = image.png; path = "logo@3x.png"; sourceTree = "<group>"; };
		6A08ADC929C8C1F3005947D2 /* APIEndPoint.swift */ = {isa = PBXFileReference; lastKnownFileType = sourcecode.swift; path = APIEndPoint.swift; sourceTree = "<group>"; };
		6A08ADCB29C8C20E005947D2 /* APIRequestType.swift */ = {isa = PBXFileReference; lastKnownFileType = sourcecode.swift; path = APIRequestType.swift; sourceTree = "<group>"; };
		6A08ADCE29C8C231005947D2 /* APIProvider.swift */ = {isa = PBXFileReference; lastKnownFileType = sourcecode.swift; path = APIProvider.swift; sourceTree = "<group>"; };
		6A08ADD029C8C256005947D2 /* NetworkManager.swift */ = {isa = PBXFileReference; lastKnownFileType = sourcecode.swift; path = NetworkManager.swift; sourceTree = "<group>"; };
		6A08ADD229C8C26F005947D2 /* NetworkError.swift */ = {isa = PBXFileReference; lastKnownFileType = sourcecode.swift; path = NetworkError.swift; sourceTree = "<group>"; };
		6A08ADD529C8D048005947D2 /* DefaultKakaoSignInUseCase.swift */ = {isa = PBXFileReference; lastKnownFileType = sourcecode.swift; path = DefaultKakaoSignInUseCase.swift; sourceTree = "<group>"; };
		6A08ADD829C8D096005947D2 /* DefaultSocialAuthRepository.swift */ = {isa = PBXFileReference; lastKnownFileType = sourcecode.swift; path = DefaultSocialAuthRepository.swift; sourceTree = "<group>"; };
		6A08ADDC29C8D5C0005947D2 /* SocialAuthRepository.swift */ = {isa = PBXFileReference; lastKnownFileType = sourcecode.swift; path = SocialAuthRepository.swift; sourceTree = "<group>"; };
		6A08ADDF29C8D6CD005947D2 /* KakaoSignInUseCase.swift */ = {isa = PBXFileReference; lastKnownFileType = sourcecode.swift; path = KakaoSignInUseCase.swift; sourceTree = "<group>"; };
		B315EC64424BFD60FF1CB8AE /* Pods-Planus.release.xcconfig */ = {isa = PBXFileReference; includeInIndex = 1; lastKnownFileType = text.xcconfig; name = "Pods-Planus.release.xcconfig"; path = "Target Support Files/Pods-Planus/Pods-Planus.release.xcconfig"; sourceTree = "<group>"; };
		C4C3A139F593A7D7746756FA /* Pods-Planus.debug.xcconfig */ = {isa = PBXFileReference; includeInIndex = 1; lastKnownFileType = text.xcconfig; name = "Pods-Planus.debug.xcconfig"; path = "Target Support Files/Pods-Planus/Pods-Planus.debug.xcconfig"; sourceTree = "<group>"; };
/* End PBXFileReference section */

/* Begin PBXFrameworksBuildPhase section */
		6A08AD4A29C87C61005947D2 /* Frameworks */ = {
			isa = PBXFrameworksBuildPhase;
			buildActionMask = 2147483647;
			files = (
				3006B02F8652D957CA7F0742 /* Pods_Planus.framework in Frameworks */,
			);
			runOnlyForDeploymentPostprocessing = 0;
		};
/* End PBXFrameworksBuildPhase section */

/* Begin PBXGroup section */
		302030BC8E4D1FE29BBC2FC8 /* Frameworks */ = {
			isa = PBXGroup;
			children = (
				3E5BFF2B1F73A7F82D6704DC /* Pods_Planus.framework */,
			);
			name = Frameworks;
			sourceTree = "<group>";
		};
		6A08AD4429C87C61005947D2 = {
			isa = PBXGroup;
			children = (
				6A08AD4F29C87C61005947D2 /* Planus */,
				6A08AD4E29C87C61005947D2 /* Products */,
				974AE7300BB25B96DF1DF093 /* Pods */,
				302030BC8E4D1FE29BBC2FC8 /* Frameworks */,
			);
			sourceTree = "<group>";
		};
		6A08AD4E29C87C61005947D2 /* Products */ = {
			isa = PBXGroup;
			children = (
				6A08AD4D29C87C61005947D2 /* Planus.app */,
			);
			name = Products;
			sourceTree = "<group>";
		};
		6A08AD4F29C87C61005947D2 /* Planus */ = {
			isa = PBXGroup;
			children = (
				6A08AD8E29C89753005947D2 /* Util */,
				6A08AD7529C8927A005947D2 /* icons */,
				6A08AD6B29C8864C005947D2 /* Application */,
				6A08AD6A29C88545005947D2 /* Infrastructure */,
				6A08AD6929C88508005947D2 /* Data */,
				6A08AD6729C884B9005947D2 /* Domain */,
				6A08AD6629C884B2005947D2 /* Presentation */,
				6A08AD5429C87C61005947D2 /* ViewController.swift */,
				6A08AD5929C87C63005947D2 /* Assets.xcassets */,
				6A08AD5B29C87C63005947D2 /* LaunchScreen.storyboard */,
				6A08AD5E29C87C63005947D2 /* Info.plist */,
			);
			path = Planus;
			sourceTree = "<group>";
		};
		6A08AD6629C884B2005947D2 /* Presentation */ = {
			isa = PBXGroup;
			children = (
				6A08ADDE29C8D6B6005947D2 /* Interface */,
				6A08AD9629C89971005947D2 /* SignInScene */,
				6A08AD9129C898A1005947D2 /* HomeCalendarScene */,
				6A08AD6C29C88939005947D2 /* CommonCoordinator */,
			);
			path = Presentation;
			sourceTree = "<group>";
		};
		6A08AD6729C884B9005947D2 /* Domain */ = {
			isa = PBXGroup;
			children = (
				6A08ADDB29C8D5B1005947D2 /* Interface */,
				6A08ADDA29C8D5A9005947D2 /* UseCase */,
			);
			path = Domain;
			sourceTree = "<group>";
		};
		6A08AD6929C88508005947D2 /* Data */ = {
			isa = PBXGroup;
			children = (
				6A08ADD729C8D079005947D2 /* Repository */,
				6A08ADCD29C8C223005947D2 /* Interface */,
			);
			path = Data;
			sourceTree = "<group>";
		};
		6A08AD6A29C88545005947D2 /* Infrastructure */ = {
			isa = PBXGroup;
			children = (
				6A08ADD429C8C27A005947D2 /* API */,
			);
			path = Infrastructure;
			sourceTree = "<group>";
		};
		6A08AD6B29C8864C005947D2 /* Application */ = {
			isa = PBXGroup;
			children = (
				6A08AD5029C87C61005947D2 /* AppDelegate.swift */,
				6A08AD5229C87C61005947D2 /* SceneDelegate.swift */,
			);
			path = Application;
			sourceTree = "<group>";
		};
		6A08AD6C29C88939005947D2 /* CommonCoordinator */ = {
			isa = PBXGroup;
			children = (
				6A08AD7229C89133005947D2 /* Coordinator */,
				6A08AD7129C8912A005947D2 /* Interface */,
			);
			path = CommonCoordinator;
			sourceTree = "<group>";
		};
		6A08AD7129C8912A005947D2 /* Interface */ = {
			isa = PBXGroup;
			children = (
				6A08AD6D29C88969005947D2 /* Coordinator.swift */,
			);
			path = Interface;
			sourceTree = "<group>";
		};
		6A08AD7229C89133005947D2 /* Coordinator */ = {
			isa = PBXGroup;
			children = (
				6A08AD6F29C889D5005947D2 /* AppCoordinator.swift */,
				6A08AD7329C89143005947D2 /* MainTabCoordinator.swift */,
			);
			path = Coordinator;
			sourceTree = "<group>";
		};
		6A08AD7529C8927A005947D2 /* icons */ = {
			isa = PBXGroup;
			children = (
				6A08AD9F29C89DED005947D2 /* appleBtn.png */,
				6A08ADA629C89DEE005947D2 /* appleBtn@2x.png */,
				6A08ADA429C89DEE005947D2 /* appleBtn@3x.png */,
				6A08ADA529C89DEE005947D2 /* googleBtn.png */,
				6A08ADA729C89DEE005947D2 /* googleBtn@2x.png */,
				6A08ADA029C89DED005947D2 /* googleBtn@3x.png */,
				6A08ADA329C89DEE005947D2 /* kakaoBtn.png */,
				6A08ADA229C89DEE005947D2 /* kakaoBtn@2x.png */,
				6A08ADA129C89DEE005947D2 /* kakaoBtn@3x.png */,
				6A08AD7B29C892E0005947D2 /* calendar-date.png */,
				6A08AD7D29C892E0005947D2 /* calendar-date@2x.png */,
				6A08AD7829C892DF005947D2 /* calendar-date@3x.png */,
				6A08AD7729C892DF005947D2 /* check-done-01.png */,
				6A08AD7F29C892E0005947D2 /* check-done-01@2x.png */,
				6A08AD7A29C892E0005947D2 /* check-done-01@3x.png */,
				6A08AD8029C892E0005947D2 /* search-sm.png */,
				6A08AD7929C892E0005947D2 /* search-sm@2x.png */,
				6A08AD7C29C892E0005947D2 /* search-sm@3x.png */,
				6A08AD7E29C892E0005947D2 /* users-02.png */,
				6A08AD8129C892E0005947D2 /* users-02@2x.png */,
				6A08AD7629C892DF005947D2 /* users-02@3x.png */,
				6A08ADB629C8A2AF005947D2 /* logo.png */,
				6A08ADB529C8A2AF005947D2 /* logo@2x.png */,
				6A08ADB729C8A2B0005947D2 /* logo@3x.png */,
			);
			path = icons;
			sourceTree = "<group>";
		};
		6A08AD8E29C89753005947D2 /* Util */ = {
			isa = PBXGroup;
			children = (
				6A08AD8F29C89761005947D2 /* UIColor+Ext.swift */,
			);
			path = Util;
			sourceTree = "<group>";
		};
		6A08AD9129C898A1005947D2 /* HomeCalendarScene */ = {
			isa = PBXGroup;
			children = (
				6A08AD9529C898C9005947D2 /* Coordinator */,
				6A08AD9429C898C3005947D2 /* ViewController */,
				6A08AD9329C898BC005947D2 /* ViewModel */,
				6A08AD9229C898B6005947D2 /* View */,
			);
			path = HomeCalendarScene;
			sourceTree = "<group>";
		};
		6A08AD9229C898B6005947D2 /* View */ = {
			isa = PBXGroup;
			children = (
			);
			path = View;
			sourceTree = "<group>";
		};
		6A08AD9329C898BC005947D2 /* ViewModel */ = {
			isa = PBXGroup;
			children = (
			);
			path = ViewModel;
			sourceTree = "<group>";
		};
		6A08AD9429C898C3005947D2 /* ViewController */ = {
			isa = PBXGroup;
			children = (
			);
			path = ViewController;
			sourceTree = "<group>";
		};
		6A08AD9529C898C9005947D2 /* Coordinator */ = {
			isa = PBXGroup;
			children = (
			);
			path = Coordinator;
			sourceTree = "<group>";
		};
		6A08AD9629C89971005947D2 /* SignInScene */ = {
			isa = PBXGroup;
			children = (
				6A08AD9A29C89992005947D2 /* Coordinator */,
				6A08AD9929C8998B005947D2 /* ViewController */,
				6A08AD9829C89986005947D2 /* ViewModel */,
				6A08AD9729C89980005947D2 /* View */,
			);
			path = SignInScene;
			sourceTree = "<group>";
		};
		6A08AD9729C89980005947D2 /* View */ = {
			isa = PBXGroup;
			children = (
			);
			path = View;
			sourceTree = "<group>";
		};
		6A08AD9829C89986005947D2 /* ViewModel */ = {
			isa = PBXGroup;
			children = (
				6A08ADB129C89E77005947D2 /* SignInViewModel.swift */,
			);
			path = ViewModel;
			sourceTree = "<group>";
		};
		6A08AD9929C8998B005947D2 /* ViewController */ = {
			isa = PBXGroup;
			children = (
				6A08AD9D29C89D93005947D2 /* SignInViewController.swift */,
			);
			path = ViewController;
			sourceTree = "<group>";
		};
		6A08AD9A29C89992005947D2 /* Coordinator */ = {
			isa = PBXGroup;
			children = (
				6A08ADB329C8A064005947D2 /* SignInCoordinator.swift */,
			);
			path = Coordinator;
			sourceTree = "<group>";
		};
		6A08ADCD29C8C223005947D2 /* Interface */ = {
			isa = PBXGroup;
			children = (
				6A08ADCE29C8C231005947D2 /* APIProvider.swift */,
			);
			path = Interface;
			sourceTree = "<group>";
		};
		6A08ADD429C8C27A005947D2 /* API */ = {
			isa = PBXGroup;
			children = (
				6A08ADC929C8C1F3005947D2 /* APIEndPoint.swift */,
				6A08ADCB29C8C20E005947D2 /* APIRequestType.swift */,
				6A08ADD029C8C256005947D2 /* NetworkManager.swift */,
				6A08ADD229C8C26F005947D2 /* NetworkError.swift */,
			);
			path = API;
			sourceTree = "<group>";
		};
		6A08ADD729C8D079005947D2 /* Repository */ = {
			isa = PBXGroup;
			children = (
				6A08ADD829C8D096005947D2 /* DefaultSocialAuthRepository.swift */,
			);
			path = Repository;
			sourceTree = "<group>";
		};
		6A08ADDA29C8D5A9005947D2 /* UseCase */ = {
			isa = PBXGroup;
			children = (
				6A08ADD529C8D048005947D2 /* DefaultKakaoSignInUseCase.swift */,
			);
			path = UseCase;
			sourceTree = "<group>";
		};
		6A08ADDB29C8D5B1005947D2 /* Interface */ = {
			isa = PBXGroup;
			children = (
				6A08ADDC29C8D5C0005947D2 /* SocialAuthRepository.swift */,
			);
			path = Interface;
			sourceTree = "<group>";
		};
		6A08ADDE29C8D6B6005947D2 /* Interface */ = {
			isa = PBXGroup;
			children = (
				6A08ADDF29C8D6CD005947D2 /* KakaoSignInUseCase.swift */,
			);
			path = Interface;
			sourceTree = "<group>";
		};
		974AE7300BB25B96DF1DF093 /* Pods */ = {
			isa = PBXGroup;
			children = (
				C4C3A139F593A7D7746756FA /* Pods-Planus.debug.xcconfig */,
				B315EC64424BFD60FF1CB8AE /* Pods-Planus.release.xcconfig */,
			);
			path = Pods;
			sourceTree = "<group>";
		};
/* End PBXGroup section */

/* Begin PBXNativeTarget section */
		6A08AD4C29C87C61005947D2 /* Planus */ = {
			isa = PBXNativeTarget;
			buildConfigurationList = 6A08AD6129C87C64005947D2 /* Build configuration list for PBXNativeTarget "Planus" */;
			buildPhases = (
				489120B1ABF1689CB399D45D /* [CP] Check Pods Manifest.lock */,
				6A08AD4929C87C61005947D2 /* Sources */,
				6A08AD4A29C87C61005947D2 /* Frameworks */,
				6A08AD4B29C87C61005947D2 /* Resources */,
				9B492F437B6626796E601360 /* [CP] Embed Pods Frameworks */,
			);
			buildRules = (
			);
			dependencies = (
			);
			name = Planus;
			productName = Planus;
			productReference = 6A08AD4D29C87C61005947D2 /* Planus.app */;
			productType = "com.apple.product-type.application";
		};
/* End PBXNativeTarget section */

/* Begin PBXProject section */
		6A08AD4529C87C61005947D2 /* Project object */ = {
			isa = PBXProject;
			attributes = {
				BuildIndependentTargetsInParallel = 1;
				LastSwiftUpdateCheck = 1420;
				LastUpgradeCheck = 1420;
				TargetAttributes = {
					6A08AD4C29C87C61005947D2 = {
						CreatedOnToolsVersion = 14.2;
					};
				};
			};
			buildConfigurationList = 6A08AD4829C87C61005947D2 /* Build configuration list for PBXProject "Planus" */;
			compatibilityVersion = "Xcode 14.0";
			developmentRegion = en;
			hasScannedForEncodings = 0;
			knownRegions = (
				en,
				Base,
			);
			mainGroup = 6A08AD4429C87C61005947D2;
			productRefGroup = 6A08AD4E29C87C61005947D2 /* Products */;
			projectDirPath = "";
			projectRoot = "";
			targets = (
				6A08AD4C29C87C61005947D2 /* Planus */,
			);
		};
/* End PBXProject section */

/* Begin PBXResourcesBuildPhase section */
		6A08AD4B29C87C61005947D2 /* Resources */ = {
			isa = PBXResourcesBuildPhase;
			buildActionMask = 2147483647;
			files = (
				6A08AD8C29C892E0005947D2 /* search-sm.png in Resources */,
				6A08ADB829C8A2B0005947D2 /* logo@2x.png in Resources */,
				6A08AD8B29C892E0005947D2 /* check-done-01@2x.png in Resources */,
				6A08AD8829C892E0005947D2 /* search-sm@3x.png in Resources */,
				6A08AD8D29C892E0005947D2 /* users-02@2x.png in Resources */,
				6A08AD8629C892E0005947D2 /* check-done-01@3x.png in Resources */,
				6A08ADAB29C89DEE005947D2 /* kakaoBtn@2x.png in Resources */,
				6A08ADAF29C89DEE005947D2 /* appleBtn@2x.png in Resources */,
				6A08AD8929C892E0005947D2 /* calendar-date@2x.png in Resources */,
				6A08ADA829C89DEE005947D2 /* appleBtn.png in Resources */,
				6A08AD8729C892E0005947D2 /* calendar-date.png in Resources */,
				6A08AD8529C892E0005947D2 /* search-sm@2x.png in Resources */,
				6A08AD8229C892E0005947D2 /* users-02@3x.png in Resources */,
				6A08ADAD29C89DEE005947D2 /* appleBtn@3x.png in Resources */,
				6A08AD5D29C87C63005947D2 /* LaunchScreen.storyboard in Resources */,
				6A08AD8A29C892E0005947D2 /* users-02.png in Resources */,
				6A08ADB929C8A2B0005947D2 /* logo.png in Resources */,
				6A08AD8429C892E0005947D2 /* calendar-date@3x.png in Resources */,
				6A08ADAA29C89DEE005947D2 /* kakaoBtn@3x.png in Resources */,
				6A08ADB029C89DEE005947D2 /* googleBtn@2x.png in Resources */,
				6A08ADBA29C8A2B0005947D2 /* logo@3x.png in Resources */,
				6A08ADAE29C89DEE005947D2 /* googleBtn.png in Resources */,
				6A08AD5A29C87C63005947D2 /* Assets.xcassets in Resources */,
				6A08AD8329C892E0005947D2 /* check-done-01.png in Resources */,
				6A08ADAC29C89DEE005947D2 /* kakaoBtn.png in Resources */,
				6A08ADA929C89DEE005947D2 /* googleBtn@3x.png in Resources */,
			);
			runOnlyForDeploymentPostprocessing = 0;
		};
/* End PBXResourcesBuildPhase section */

/* Begin PBXShellScriptBuildPhase section */
		489120B1ABF1689CB399D45D /* [CP] Check Pods Manifest.lock */ = {
			isa = PBXShellScriptBuildPhase;
			buildActionMask = 2147483647;
			files = (
			);
			inputFileListPaths = (
			);
			inputPaths = (
				"${PODS_PODFILE_DIR_PATH}/Podfile.lock",
				"${PODS_ROOT}/Manifest.lock",
			);
			name = "[CP] Check Pods Manifest.lock";
			outputFileListPaths = (
			);
			outputPaths = (
				"$(DERIVED_FILE_DIR)/Pods-Planus-checkManifestLockResult.txt",
			);
			runOnlyForDeploymentPostprocessing = 0;
			shellPath = /bin/sh;
			shellScript = "diff \"${PODS_PODFILE_DIR_PATH}/Podfile.lock\" \"${PODS_ROOT}/Manifest.lock\" > /dev/null\nif [ $? != 0 ] ; then\n    # print error to STDERR\n    echo \"error: The sandbox is not in sync with the Podfile.lock. Run 'pod install' or update your CocoaPods installation.\" >&2\n    exit 1\nfi\n# This output is used by Xcode 'outputs' to avoid re-running this script phase.\necho \"SUCCESS\" > \"${SCRIPT_OUTPUT_FILE_0}\"\n";
			showEnvVarsInLog = 0;
		};
		9B492F437B6626796E601360 /* [CP] Embed Pods Frameworks */ = {
			isa = PBXShellScriptBuildPhase;
			buildActionMask = 2147483647;
			files = (
			);
			inputFileListPaths = (
				"${PODS_ROOT}/Target Support Files/Pods-Planus/Pods-Planus-frameworks-${CONFIGURATION}-input-files.xcfilelist",
			);
			name = "[CP] Embed Pods Frameworks";
			outputFileListPaths = (
				"${PODS_ROOT}/Target Support Files/Pods-Planus/Pods-Planus-frameworks-${CONFIGURATION}-output-files.xcfilelist",
			);
			runOnlyForDeploymentPostprocessing = 0;
			shellPath = /bin/sh;
			shellScript = "\"${PODS_ROOT}/Target Support Files/Pods-Planus/Pods-Planus-frameworks.sh\"\n";
			showEnvVarsInLog = 0;
		};
/* End PBXShellScriptBuildPhase section */

/* Begin PBXSourcesBuildPhase section */
		6A08AD4929C87C61005947D2 /* Sources */ = {
			isa = PBXSourcesBuildPhase;
			buildActionMask = 2147483647;
			files = (
				6A08ADCC29C8C20E005947D2 /* APIRequestType.swift in Sources */,
				6A08ADCA29C8C1F3005947D2 /* APIEndPoint.swift in Sources */,
				6A08AD6E29C88969005947D2 /* Coordinator.swift in Sources */,
				6A08ADCF29C8C231005947D2 /* APIProvider.swift in Sources */,
				6A08AD7429C89143005947D2 /* MainTabCoordinator.swift in Sources */,
				6A08AD5529C87C61005947D2 /* ViewController.swift in Sources */,
				6A08ADD929C8D096005947D2 /* DefaultSocialAuthRepository.swift in Sources */,
				6A08ADD129C8C256005947D2 /* NetworkManager.swift in Sources */,
				6A08ADD629C8D048005947D2 /* DefaultKakaoSignInUseCase.swift in Sources */,
				6A08AD7029C889D6005947D2 /* AppCoordinator.swift in Sources */,
				6A08ADB429C8A064005947D2 /* SignInCoordinator.swift in Sources */,
				6A08ADD329C8C26F005947D2 /* NetworkError.swift in Sources */,
				6A08AD9E29C89D93005947D2 /* SignInViewController.swift in Sources */,
				6A08ADB229C89E77005947D2 /* SignInViewModel.swift in Sources */,
				6A08AD5129C87C61005947D2 /* AppDelegate.swift in Sources */,
				6A08ADE029C8D6CD005947D2 /* KakaoSignInUseCase.swift in Sources */,
				6A08AD9029C89761005947D2 /* UIColor+Ext.swift in Sources */,
				6A08ADDD29C8D5C0005947D2 /* SocialAuthRepository.swift in Sources */,
				6A08AD5329C87C61005947D2 /* SceneDelegate.swift in Sources */,
			);
			runOnlyForDeploymentPostprocessing = 0;
		};
/* End PBXSourcesBuildPhase section */

/* Begin PBXVariantGroup section */
		6A08AD5B29C87C63005947D2 /* LaunchScreen.storyboard */ = {
			isa = PBXVariantGroup;
			children = (
				6A08AD5C29C87C63005947D2 /* Base */,
			);
			name = LaunchScreen.storyboard;
			sourceTree = "<group>";
		};
/* End PBXVariantGroup section */

/* Begin XCBuildConfiguration section */
		6A08AD5F29C87C64005947D2 /* Debug */ = {
			isa = XCBuildConfiguration;
			buildSettings = {
				ALWAYS_SEARCH_USER_PATHS = NO;
				CLANG_ANALYZER_NONNULL = YES;
				CLANG_ANALYZER_NUMBER_OBJECT_CONVERSION = YES_AGGRESSIVE;
				CLANG_CXX_LANGUAGE_STANDARD = "gnu++20";
				CLANG_ENABLE_MODULES = YES;
				CLANG_ENABLE_OBJC_ARC = YES;
				CLANG_ENABLE_OBJC_WEAK = YES;
				CLANG_WARN_BLOCK_CAPTURE_AUTORELEASING = YES;
				CLANG_WARN_BOOL_CONVERSION = YES;
				CLANG_WARN_COMMA = YES;
				CLANG_WARN_CONSTANT_CONVERSION = YES;
				CLANG_WARN_DEPRECATED_OBJC_IMPLEMENTATIONS = YES;
				CLANG_WARN_DIRECT_OBJC_ISA_USAGE = YES_ERROR;
				CLANG_WARN_DOCUMENTATION_COMMENTS = YES;
				CLANG_WARN_EMPTY_BODY = YES;
				CLANG_WARN_ENUM_CONVERSION = YES;
				CLANG_WARN_INFINITE_RECURSION = YES;
				CLANG_WARN_INT_CONVERSION = YES;
				CLANG_WARN_NON_LITERAL_NULL_CONVERSION = YES;
				CLANG_WARN_OBJC_IMPLICIT_RETAIN_SELF = YES;
				CLANG_WARN_OBJC_LITERAL_CONVERSION = YES;
				CLANG_WARN_OBJC_ROOT_CLASS = YES_ERROR;
				CLANG_WARN_QUOTED_INCLUDE_IN_FRAMEWORK_HEADER = YES;
				CLANG_WARN_RANGE_LOOP_ANALYSIS = YES;
				CLANG_WARN_STRICT_PROTOTYPES = YES;
				CLANG_WARN_SUSPICIOUS_MOVE = YES;
				CLANG_WARN_UNGUARDED_AVAILABILITY = YES_AGGRESSIVE;
				CLANG_WARN_UNREACHABLE_CODE = YES;
				CLANG_WARN__DUPLICATE_METHOD_MATCH = YES;
				COPY_PHASE_STRIP = NO;
				DEBUG_INFORMATION_FORMAT = dwarf;
				ENABLE_STRICT_OBJC_MSGSEND = YES;
				ENABLE_TESTABILITY = YES;
				GCC_C_LANGUAGE_STANDARD = gnu11;
				GCC_DYNAMIC_NO_PIC = NO;
				GCC_NO_COMMON_BLOCKS = YES;
				GCC_OPTIMIZATION_LEVEL = 0;
				GCC_PREPROCESSOR_DEFINITIONS = (
					"DEBUG=1",
					"$(inherited)",
				);
				GCC_WARN_64_TO_32_BIT_CONVERSION = YES;
				GCC_WARN_ABOUT_RETURN_TYPE = YES_ERROR;
				GCC_WARN_UNDECLARED_SELECTOR = YES;
				GCC_WARN_UNINITIALIZED_AUTOS = YES_AGGRESSIVE;
				GCC_WARN_UNUSED_FUNCTION = YES;
				GCC_WARN_UNUSED_VARIABLE = YES;
				IPHONEOS_DEPLOYMENT_TARGET = 16.2;
				MTL_ENABLE_DEBUG_INFO = INCLUDE_SOURCE;
				MTL_FAST_MATH = YES;
				ONLY_ACTIVE_ARCH = YES;
				SDKROOT = iphoneos;
				SWIFT_ACTIVE_COMPILATION_CONDITIONS = DEBUG;
				SWIFT_OPTIMIZATION_LEVEL = "-Onone";
			};
			name = Debug;
		};
		6A08AD6029C87C64005947D2 /* Release */ = {
			isa = XCBuildConfiguration;
			buildSettings = {
				ALWAYS_SEARCH_USER_PATHS = NO;
				CLANG_ANALYZER_NONNULL = YES;
				CLANG_ANALYZER_NUMBER_OBJECT_CONVERSION = YES_AGGRESSIVE;
				CLANG_CXX_LANGUAGE_STANDARD = "gnu++20";
				CLANG_ENABLE_MODULES = YES;
				CLANG_ENABLE_OBJC_ARC = YES;
				CLANG_ENABLE_OBJC_WEAK = YES;
				CLANG_WARN_BLOCK_CAPTURE_AUTORELEASING = YES;
				CLANG_WARN_BOOL_CONVERSION = YES;
				CLANG_WARN_COMMA = YES;
				CLANG_WARN_CONSTANT_CONVERSION = YES;
				CLANG_WARN_DEPRECATED_OBJC_IMPLEMENTATIONS = YES;
				CLANG_WARN_DIRECT_OBJC_ISA_USAGE = YES_ERROR;
				CLANG_WARN_DOCUMENTATION_COMMENTS = YES;
				CLANG_WARN_EMPTY_BODY = YES;
				CLANG_WARN_ENUM_CONVERSION = YES;
				CLANG_WARN_INFINITE_RECURSION = YES;
				CLANG_WARN_INT_CONVERSION = YES;
				CLANG_WARN_NON_LITERAL_NULL_CONVERSION = YES;
				CLANG_WARN_OBJC_IMPLICIT_RETAIN_SELF = YES;
				CLANG_WARN_OBJC_LITERAL_CONVERSION = YES;
				CLANG_WARN_OBJC_ROOT_CLASS = YES_ERROR;
				CLANG_WARN_QUOTED_INCLUDE_IN_FRAMEWORK_HEADER = YES;
				CLANG_WARN_RANGE_LOOP_ANALYSIS = YES;
				CLANG_WARN_STRICT_PROTOTYPES = YES;
				CLANG_WARN_SUSPICIOUS_MOVE = YES;
				CLANG_WARN_UNGUARDED_AVAILABILITY = YES_AGGRESSIVE;
				CLANG_WARN_UNREACHABLE_CODE = YES;
				CLANG_WARN__DUPLICATE_METHOD_MATCH = YES;
				COPY_PHASE_STRIP = NO;
				DEBUG_INFORMATION_FORMAT = "dwarf-with-dsym";
				ENABLE_NS_ASSERTIONS = NO;
				ENABLE_STRICT_OBJC_MSGSEND = YES;
				GCC_C_LANGUAGE_STANDARD = gnu11;
				GCC_NO_COMMON_BLOCKS = YES;
				GCC_WARN_64_TO_32_BIT_CONVERSION = YES;
				GCC_WARN_ABOUT_RETURN_TYPE = YES_ERROR;
				GCC_WARN_UNDECLARED_SELECTOR = YES;
				GCC_WARN_UNINITIALIZED_AUTOS = YES_AGGRESSIVE;
				GCC_WARN_UNUSED_FUNCTION = YES;
				GCC_WARN_UNUSED_VARIABLE = YES;
				IPHONEOS_DEPLOYMENT_TARGET = 16.2;
				MTL_ENABLE_DEBUG_INFO = NO;
				MTL_FAST_MATH = YES;
				SDKROOT = iphoneos;
				SWIFT_COMPILATION_MODE = wholemodule;
				SWIFT_OPTIMIZATION_LEVEL = "-O";
				VALIDATE_PRODUCT = YES;
			};
			name = Release;
		};
		6A08AD6229C87C64005947D2 /* Debug */ = {
			isa = XCBuildConfiguration;
			baseConfigurationReference = C4C3A139F593A7D7746756FA /* Pods-Planus.debug.xcconfig */;
			buildSettings = {
				ASSETCATALOG_COMPILER_APPICON_NAME = AppIcon;
				ASSETCATALOG_COMPILER_GLOBAL_ACCENT_COLOR_NAME = AccentColor;
				CODE_SIGN_STYLE = Automatic;
				CURRENT_PROJECT_VERSION = 1;
				DEVELOPMENT_TEAM = QDZ5VUDS9T;
				GENERATE_INFOPLIST_FILE = YES;
				INFOPLIST_FILE = Planus/Info.plist;
				INFOPLIST_KEY_UIApplicationSupportsIndirectInputEvents = YES;
				INFOPLIST_KEY_UILaunchStoryboardName = LaunchScreen;
				INFOPLIST_KEY_UISupportedInterfaceOrientations_iPad = "UIInterfaceOrientationPortrait UIInterfaceOrientationPortraitUpsideDown UIInterfaceOrientationLandscapeLeft UIInterfaceOrientationLandscapeRight";
				INFOPLIST_KEY_UISupportedInterfaceOrientations_iPhone = "UIInterfaceOrientationPortrait UIInterfaceOrientationLandscapeLeft UIInterfaceOrientationLandscapeRight";
				LD_RUNPATH_SEARCH_PATHS = (
					"$(inherited)",
					"@executable_path/Frameworks",
				);
				MARKETING_VERSION = 1.0;
				PRODUCT_BUNDLE_IDENTIFIER = SCSY.Planus;
				PRODUCT_NAME = "$(TARGET_NAME)";
				SWIFT_EMIT_LOC_STRINGS = YES;
				SWIFT_VERSION = 5.0;
				TARGETED_DEVICE_FAMILY = "1,2";
			};
			name = Debug;
		};
		6A08AD6329C87C64005947D2 /* Release */ = {
			isa = XCBuildConfiguration;
			baseConfigurationReference = B315EC64424BFD60FF1CB8AE /* Pods-Planus.release.xcconfig */;
			buildSettings = {
				ASSETCATALOG_COMPILER_APPICON_NAME = AppIcon;
				ASSETCATALOG_COMPILER_GLOBAL_ACCENT_COLOR_NAME = AccentColor;
				CODE_SIGN_STYLE = Automatic;
				CURRENT_PROJECT_VERSION = 1;
				DEVELOPMENT_TEAM = QDZ5VUDS9T;
				GENERATE_INFOPLIST_FILE = YES;
				INFOPLIST_FILE = Planus/Info.plist;
				INFOPLIST_KEY_UIApplicationSupportsIndirectInputEvents = YES;
				INFOPLIST_KEY_UILaunchStoryboardName = LaunchScreen;
				INFOPLIST_KEY_UISupportedInterfaceOrientations_iPad = "UIInterfaceOrientationPortrait UIInterfaceOrientationPortraitUpsideDown UIInterfaceOrientationLandscapeLeft UIInterfaceOrientationLandscapeRight";
				INFOPLIST_KEY_UISupportedInterfaceOrientations_iPhone = "UIInterfaceOrientationPortrait UIInterfaceOrientationLandscapeLeft UIInterfaceOrientationLandscapeRight";
				LD_RUNPATH_SEARCH_PATHS = (
					"$(inherited)",
					"@executable_path/Frameworks",
				);
				MARKETING_VERSION = 1.0;
				PRODUCT_BUNDLE_IDENTIFIER = SCSY.Planus;
				PRODUCT_NAME = "$(TARGET_NAME)";
				SWIFT_EMIT_LOC_STRINGS = YES;
				SWIFT_VERSION = 5.0;
				TARGETED_DEVICE_FAMILY = "1,2";
			};
			name = Release;
		};
/* End XCBuildConfiguration section */

/* Begin XCConfigurationList section */
		6A08AD4829C87C61005947D2 /* Build configuration list for PBXProject "Planus" */ = {
			isa = XCConfigurationList;
			buildConfigurations = (
				6A08AD5F29C87C64005947D2 /* Debug */,
				6A08AD6029C87C64005947D2 /* Release */,
			);
			defaultConfigurationIsVisible = 0;
			defaultConfigurationName = Release;
		};
		6A08AD6129C87C64005947D2 /* Build configuration list for PBXNativeTarget "Planus" */ = {
			isa = XCConfigurationList;
			buildConfigurations = (
				6A08AD6229C87C64005947D2 /* Debug */,
				6A08AD6329C87C64005947D2 /* Release */,
			);
			defaultConfigurationIsVisible = 0;
			defaultConfigurationName = Release;
		};
/* End XCConfigurationList section */
	};
	rootObject = 6A08AD4529C87C61005947D2 /* Project object */;
}
